PODS:
  - Hyperspace (1.0.0):
    - Result (~> 3.2)
  - Result (3.2.4)
  - SwiftLint (0.24.0)

DEPENDENCIES:
  - Hyperspace (from `../`)
  - SwiftLint

EXTERNAL SOURCES:
  Hyperspace:
    :path: ../

SPEC CHECKSUMS:
  Hyperspace: c3aa41af666903ac413fc34b0445d84edeee861a
  Result: d2d07204ce72856f1fd9130bbe42c35a7b0fea10
  SwiftLint: a014c92b4664e8b13f380f8640a51bb1733778ba

PODFILE CHECKSUM: ebb4c74a69aa2bf3e2e790faaf1871d442e256c6

COCOAPODS: 1.4.0.rc.1
