PODS:
  - Hyperspace (1.0.0):
    - Result (~> 3.2)
  - Result (3.2.4)
  - SwiftLint (0.23.1)

DEPENDENCIES:
  - Hyperspace (from `../`)
  - SwiftLint

EXTERNAL SOURCES:
  Hyperspace:
    :path: ../

SPEC CHECKSUMS:
  Hyperspace: ab1f4b8de3d1d4f13ab81d460646aba83c9c6077
  Result: d2d07204ce72856f1fd9130bbe42c35a7b0fea10
  SwiftLint: 1b670ce79284c76520f84060e87d645078fd32fa

PODFILE CHECKSUM: 66a73ba0373a8975965c1dde19414b0bbb3c60b3

COCOAPODS: 1.4.0.rc.1
