PODS:
  - Hyperspace (1.0.0):
    - Result (~> 3.2)
  - Result (3.2.4)

DEPENDENCIES:
  - Hyperspace (from `.`)

EXTERNAL SOURCES:
  Hyperspace:
    :path: .

SPEC CHECKSUMS:
  Hyperspace: ba781d6401f0383fdcfb647e8767cf1bd8c269b7
  Result: d2d07204ce72856f1fd9130bbe42c35a7b0fea10

PODFILE CHECKSUM: 7e38ed0a8c94af1c98ee9643ec0c2c4c3c2d1c09

COCOAPODS: 1.4.0.beta.2
