// !$*UTF8*$!
{
	archiveVersion = 1;
	classes = {
	};
	objectVersion = 48;
	objects = {

/* Begin PBXBuildFile section */
		60AC82C01FF588D600120172 /* Hyperspace.framework in Frameworks */ = {isa = PBXBuildFile; fileRef = 60AC82B61FF588D500120172 /* Hyperspace.framework */; };
		60AC82EB1FF589C200120172 /* Hyperspace.framework in Frameworks */ = {isa = PBXBuildFile; fileRef = 60AC82E21FF589C200120172 /* Hyperspace.framework */; };
		60AC830F1FF58E3600120172 /* Hyperspace.h in Headers */ = {isa = PBXBuildFile; fileRef = 60AC82FA1FF58E3600120172 /* Hyperspace.h */; settings = {ATTRIBUTES = (Public, ); }; };
		60AC831D1FF58E4D00120172 /* Hyperspace.h in Headers */ = {isa = PBXBuildFile; fileRef = 60AC82FA1FF58E3600120172 /* Hyperspace.h */; settings = {ATTRIBUTES = (Public, ); }; };
		60AC831E1FF58E4F00120172 /* Hyperspace.h in Headers */ = {isa = PBXBuildFile; fileRef = 60AC82FA1FF58E3600120172 /* Hyperspace.h */; settings = {ATTRIBUTES = (Public, ); }; };
		60AC833A1FF58F3C00120172 /* HyperspaceTests.swift in Sources */ = {isa = PBXBuildFile; fileRef = 60AC83201FF58E8B00120172 /* HyperspaceTests.swift */; };
		60AC833B1FF5927200120172 /* HyperspaceTests.swift in Sources */ = {isa = PBXBuildFile; fileRef = 60AC83201FF58E8B00120172 /* HyperspaceTests.swift */; };
		60D6C36D201CC81100B3B012 /* URL+Additions.swift in Sources */ = {isa = PBXBuildFile; fileRef = 60AC833F1FF596B600120172 /* URL+Additions.swift */; };
		60D6C36E201CC81100B3B012 /* URLQueryItem+Extensions.swift in Sources */ = {isa = PBXBuildFile; fileRef = 60AC83401FF596B600120172 /* URLQueryItem+Extensions.swift */; };
		60D6C36F201CC81100B3B012 /* HTTP.swift in Sources */ = {isa = PBXBuildFile; fileRef = 60AC83421FF596B600120172 /* HTTP.swift */; };
		60D6C370201CC81100B3B012 /* AnyNetworkRequest+DecodableContainer.swift in Sources */ = {isa = PBXBuildFile; fileRef = 60AC83441FF596B600120172 /* AnyNetworkRequest+DecodableContainer.swift */; };
		60D6C371201CC81100B3B012 /* AnyNetworkRequest.swift in Sources */ = {isa = PBXBuildFile; fileRef = 60AC83451FF596B600120172 /* AnyNetworkRequest.swift */; };
		60D6C372201CC81100B3B012 /* NetworkRequest.swift in Sources */ = {isa = PBXBuildFile; fileRef = 60AC83461FF596B600120172 /* NetworkRequest.swift */; };
		60D6C373201CC81100B3B012 /* NetworkSessionDataTask.swift in Sources */ = {isa = PBXBuildFile; fileRef = 60AC83491FF596B600120172 /* NetworkSessionDataTask.swift */; };
		60D6C374201CC81100B3B012 /* NetworkServiceProtocol.swift in Sources */ = {isa = PBXBuildFile; fileRef = 60AC834A1FF596B600120172 /* NetworkServiceProtocol.swift */; };
		60D6C375201CC81100B3B012 /* NetworkSession.swift in Sources */ = {isa = PBXBuildFile; fileRef = 60AC834B1FF596B600120172 /* NetworkSession.swift */; };
		60D6C376201CC81100B3B012 /* NetworkService.swift in Sources */ = {isa = PBXBuildFile; fileRef = 60AC834C1FF596B600120172 /* NetworkService.swift */; };
		60D6C377201CC81100B3B012 /* BackendServiceProtocol.swift in Sources */ = {isa = PBXBuildFile; fileRef = 60AC834E1FF596B600120172 /* BackendServiceProtocol.swift */; };
		60D6C378201CC81100B3B012 /* BackendService.swift in Sources */ = {isa = PBXBuildFile; fileRef = 60AC834F1FF596B600120172 /* BackendService.swift */; };
		60D6C379201CCCAE00B3B012 /* URL+Additions.swift in Sources */ = {isa = PBXBuildFile; fileRef = 60AC833F1FF596B600120172 /* URL+Additions.swift */; };
		60D6C37A201CCCAE00B3B012 /* URLQueryItem+Extensions.swift in Sources */ = {isa = PBXBuildFile; fileRef = 60AC83401FF596B600120172 /* URLQueryItem+Extensions.swift */; };
		60D6C37B201CCCAE00B3B012 /* HTTP.swift in Sources */ = {isa = PBXBuildFile; fileRef = 60AC83421FF596B600120172 /* HTTP.swift */; };
		60D6C37C201CCCAE00B3B012 /* AnyNetworkRequest+DecodableContainer.swift in Sources */ = {isa = PBXBuildFile; fileRef = 60AC83441FF596B600120172 /* AnyNetworkRequest+DecodableContainer.swift */; };
		60D6C37D201CCCAE00B3B012 /* AnyNetworkRequest.swift in Sources */ = {isa = PBXBuildFile; fileRef = 60AC83451FF596B600120172 /* AnyNetworkRequest.swift */; };
		60D6C37E201CCCAE00B3B012 /* NetworkRequest.swift in Sources */ = {isa = PBXBuildFile; fileRef = 60AC83461FF596B600120172 /* NetworkRequest.swift */; };
		60D6C37F201CCCAE00B3B012 /* NetworkSessionDataTask.swift in Sources */ = {isa = PBXBuildFile; fileRef = 60AC83491FF596B600120172 /* NetworkSessionDataTask.swift */; };
		60D6C380201CCCAE00B3B012 /* NetworkServiceProtocol.swift in Sources */ = {isa = PBXBuildFile; fileRef = 60AC834A1FF596B600120172 /* NetworkServiceProtocol.swift */; };
		60D6C381201CCCAE00B3B012 /* NetworkSession.swift in Sources */ = {isa = PBXBuildFile; fileRef = 60AC834B1FF596B600120172 /* NetworkSession.swift */; };
		60D6C382201CCCAE00B3B012 /* NetworkService.swift in Sources */ = {isa = PBXBuildFile; fileRef = 60AC834C1FF596B600120172 /* NetworkService.swift */; };
		60D6C383201CCCAE00B3B012 /* BackendServiceProtocol.swift in Sources */ = {isa = PBXBuildFile; fileRef = 60AC834E1FF596B600120172 /* BackendServiceProtocol.swift */; };
		60D6C384201CCCAE00B3B012 /* BackendService.swift in Sources */ = {isa = PBXBuildFile; fileRef = 60AC834F1FF596B600120172 /* BackendService.swift */; };
		60D6C385201CCCBE00B3B012 /* URL+Additions.swift in Sources */ = {isa = PBXBuildFile; fileRef = 60AC833F1FF596B600120172 /* URL+Additions.swift */; };
		60D6C386201CCCBE00B3B012 /* URLQueryItem+Extensions.swift in Sources */ = {isa = PBXBuildFile; fileRef = 60AC83401FF596B600120172 /* URLQueryItem+Extensions.swift */; };
		60D6C387201CCCBE00B3B012 /* HTTP.swift in Sources */ = {isa = PBXBuildFile; fileRef = 60AC83421FF596B600120172 /* HTTP.swift */; };
		60D6C388201CCCBE00B3B012 /* AnyNetworkRequest+DecodableContainer.swift in Sources */ = {isa = PBXBuildFile; fileRef = 60AC83441FF596B600120172 /* AnyNetworkRequest+DecodableContainer.swift */; };
		60D6C389201CCCBE00B3B012 /* AnyNetworkRequest.swift in Sources */ = {isa = PBXBuildFile; fileRef = 60AC83451FF596B600120172 /* AnyNetworkRequest.swift */; };
		60D6C38A201CCCBE00B3B012 /* NetworkRequest.swift in Sources */ = {isa = PBXBuildFile; fileRef = 60AC83461FF596B600120172 /* NetworkRequest.swift */; };
		60D6C38B201CCCBE00B3B012 /* NetworkSessionDataTask.swift in Sources */ = {isa = PBXBuildFile; fileRef = 60AC83491FF596B600120172 /* NetworkSessionDataTask.swift */; };
		60D6C38C201CCCBE00B3B012 /* NetworkServiceProtocol.swift in Sources */ = {isa = PBXBuildFile; fileRef = 60AC834A1FF596B600120172 /* NetworkServiceProtocol.swift */; };
		60D6C38D201CCCBE00B3B012 /* NetworkSession.swift in Sources */ = {isa = PBXBuildFile; fileRef = 60AC834B1FF596B600120172 /* NetworkSession.swift */; };
		60D6C38E201CCCBE00B3B012 /* NetworkService.swift in Sources */ = {isa = PBXBuildFile; fileRef = 60AC834C1FF596B600120172 /* NetworkService.swift */; };
		60D6C38F201CCCBE00B3B012 /* BackendServiceProtocol.swift in Sources */ = {isa = PBXBuildFile; fileRef = 60AC834E1FF596B600120172 /* BackendServiceProtocol.swift */; };
		60D6C390201CCCBE00B3B012 /* BackendService.swift in Sources */ = {isa = PBXBuildFile; fileRef = 60AC834F1FF596B600120172 /* BackendService.swift */; };
/* End PBXBuildFile section */

/* Begin PBXContainerItemProxy section */
		60AC82C11FF588D600120172 /* PBXContainerItemProxy */ = {
			isa = PBXContainerItemProxy;
			containerPortal = 60AC82AD1FF588D500120172 /* Project object */;
			proxyType = 1;
			remoteGlobalIDString = 60AC82B51FF588D500120172;
			remoteInfo = Hyperspace;
		};
		60AC82EC1FF589C200120172 /* PBXContainerItemProxy */ = {
			isa = PBXContainerItemProxy;
			containerPortal = 60AC82AD1FF588D500120172 /* Project object */;
			proxyType = 1;
			remoteGlobalIDString = 60AC82E11FF589C200120172;
			remoteInfo = "Hyperspace-tvOS";
		};
/* End PBXContainerItemProxy section */

/* Begin PBXFileReference section */
		60AC82B61FF588D500120172 /* Hyperspace.framework */ = {isa = PBXFileReference; explicitFileType = wrapper.framework; includeInIndex = 0; path = Hyperspace.framework; sourceTree = BUILT_PRODUCTS_DIR; };
		60AC82BF1FF588D600120172 /* Hyperspace-iOSTests.xctest */ = {isa = PBXFileReference; explicitFileType = wrapper.cfbundle; includeInIndex = 0; path = "Hyperspace-iOSTests.xctest"; sourceTree = BUILT_PRODUCTS_DIR; };
		60AC82D51FF5899800120172 /* Hyperspace.framework */ = {isa = PBXFileReference; explicitFileType = wrapper.framework; includeInIndex = 0; path = Hyperspace.framework; sourceTree = BUILT_PRODUCTS_DIR; };
		60AC82E21FF589C200120172 /* Hyperspace.framework */ = {isa = PBXFileReference; explicitFileType = wrapper.framework; includeInIndex = 0; path = Hyperspace.framework; sourceTree = BUILT_PRODUCTS_DIR; };
		60AC82EA1FF589C200120172 /* Hyperspace-tvOSTests.xctest */ = {isa = PBXFileReference; explicitFileType = wrapper.cfbundle; includeInIndex = 0; path = "Hyperspace-tvOSTests.xctest"; sourceTree = BUILT_PRODUCTS_DIR; };
		60AC82FA1FF58E3600120172 /* Hyperspace.h */ = {isa = PBXFileReference; fileEncoding = 4; lastKnownFileType = sourcecode.c.h; path = Hyperspace.h; sourceTree = "<group>"; };
		60AC82FB1FF58E3600120172 /* Info.plist */ = {isa = PBXFileReference; fileEncoding = 4; lastKnownFileType = text.plist.xml; path = Info.plist; sourceTree = "<group>"; };
		60AC83201FF58E8B00120172 /* HyperspaceTests.swift */ = {isa = PBXFileReference; lastKnownFileType = sourcecode.swift; path = HyperspaceTests.swift; sourceTree = "<group>"; };
		60AC833F1FF596B600120172 /* URL+Additions.swift */ = {isa = PBXFileReference; lastKnownFileType = sourcecode.swift; path = "URL+Additions.swift"; sourceTree = "<group>"; };
		60AC83401FF596B600120172 /* URLQueryItem+Extensions.swift */ = {isa = PBXFileReference; lastKnownFileType = sourcecode.swift; path = "URLQueryItem+Extensions.swift"; sourceTree = "<group>"; };
		60AC83421FF596B600120172 /* HTTP.swift */ = {isa = PBXFileReference; lastKnownFileType = sourcecode.swift; path = HTTP.swift; sourceTree = "<group>"; };
		60AC83441FF596B600120172 /* AnyNetworkRequest+DecodableContainer.swift */ = {isa = PBXFileReference; lastKnownFileType = sourcecode.swift; path = "AnyNetworkRequest+DecodableContainer.swift"; sourceTree = "<group>"; };
		60AC83451FF596B600120172 /* AnyNetworkRequest.swift */ = {isa = PBXFileReference; lastKnownFileType = sourcecode.swift; path = AnyNetworkRequest.swift; sourceTree = "<group>"; };
		60AC83461FF596B600120172 /* NetworkRequest.swift */ = {isa = PBXFileReference; lastKnownFileType = sourcecode.swift; path = NetworkRequest.swift; sourceTree = "<group>"; };
		60AC83491FF596B600120172 /* NetworkSessionDataTask.swift */ = {isa = PBXFileReference; lastKnownFileType = sourcecode.swift; path = NetworkSessionDataTask.swift; sourceTree = "<group>"; };
		60AC834A1FF596B600120172 /* NetworkServiceProtocol.swift */ = {isa = PBXFileReference; lastKnownFileType = sourcecode.swift; path = NetworkServiceProtocol.swift; sourceTree = "<group>"; };
		60AC834B1FF596B600120172 /* NetworkSession.swift */ = {isa = PBXFileReference; lastKnownFileType = sourcecode.swift; path = NetworkSession.swift; sourceTree = "<group>"; };
		60AC834C1FF596B600120172 /* NetworkService.swift */ = {isa = PBXFileReference; lastKnownFileType = sourcecode.swift; path = NetworkService.swift; sourceTree = "<group>"; };
		60AC834E1FF596B600120172 /* BackendServiceProtocol.swift */ = {isa = PBXFileReference; lastKnownFileType = sourcecode.swift; path = BackendServiceProtocol.swift; sourceTree = "<group>"; };
		60AC834F1FF596B600120172 /* BackendService.swift */ = {isa = PBXFileReference; lastKnownFileType = sourcecode.swift; path = BackendService.swift; sourceTree = "<group>"; };
		60EB8FDB1FF59FB000AC0B55 /* Info.plist */ = {isa = PBXFileReference; lastKnownFileType = text.plist.xml; path = Info.plist; sourceTree = "<group>"; };
/* End PBXFileReference section */

/* Begin PBXFrameworksBuildPhase section */
		60AC82B21FF588D500120172 /* Frameworks */ = {
			isa = PBXFrameworksBuildPhase;
			buildActionMask = 2147483647;
			files = (
			);
			runOnlyForDeploymentPostprocessing = 0;
		};
		60AC82BC1FF588D600120172 /* Frameworks */ = {
			isa = PBXFrameworksBuildPhase;
			buildActionMask = 2147483647;
			files = (
				60AC82C01FF588D600120172 /* Hyperspace.framework in Frameworks */,
			);
			runOnlyForDeploymentPostprocessing = 0;
		};
		60AC82D11FF5899800120172 /* Frameworks */ = {
			isa = PBXFrameworksBuildPhase;
			buildActionMask = 2147483647;
			files = (
			);
			runOnlyForDeploymentPostprocessing = 0;
		};
		60AC82DE1FF589C200120172 /* Frameworks */ = {
			isa = PBXFrameworksBuildPhase;
			buildActionMask = 2147483647;
			files = (
			);
			runOnlyForDeploymentPostprocessing = 0;
		};
		60AC82E71FF589C200120172 /* Frameworks */ = {
			isa = PBXFrameworksBuildPhase;
			buildActionMask = 2147483647;
			files = (
				60AC82EB1FF589C200120172 /* Hyperspace.framework in Frameworks */,
			);
			runOnlyForDeploymentPostprocessing = 0;
		};
/* End PBXFrameworksBuildPhase section */

/* Begin PBXGroup section */
		60AC82AC1FF588D500120172 = {
			isa = PBXGroup;
			children = (
				60AC82B81FF588D500120172 /* Hyperspace */,
				60AC831F1FF58E8B00120172 /* Tests */,
				60AC82B71FF588D500120172 /* Products */,
			);
			sourceTree = "<group>";
		};
		60AC82B71FF588D500120172 /* Products */ = {
			isa = PBXGroup;
			children = (
				60AC82B61FF588D500120172 /* Hyperspace.framework */,
				60AC82BF1FF588D600120172 /* Hyperspace-iOSTests.xctest */,
				60AC82D51FF5899800120172 /* Hyperspace.framework */,
				60AC82E21FF589C200120172 /* Hyperspace.framework */,
				60AC82EA1FF589C200120172 /* Hyperspace-tvOSTests.xctest */,
			);
			name = Products;
			sourceTree = "<group>";
		};
		60AC82B81FF588D500120172 /* Hyperspace */ = {
			isa = PBXGroup;
			children = (
				60AC833D1FF596B600120172 /* Hyperspace */,
				60AC82F91FF58E3600120172 /* Supporting Files */,
			);
			name = Hyperspace;
			path = Sources;
			sourceTree = "<group>";
		};
		60AC82F91FF58E3600120172 /* Supporting Files */ = {
			isa = PBXGroup;
			children = (
				60AC82FA1FF58E3600120172 /* Hyperspace.h */,
				60AC82FB1FF58E3600120172 /* Info.plist */,
			);
			name = "Supporting Files";
			path = "Sources/Supporting Files";
			sourceTree = SOURCE_ROOT;
		};
		60AC831F1FF58E8B00120172 /* Tests */ = {
			isa = PBXGroup;
			children = (
				60EB8FDA1FF59FB000AC0B55 /* Supporting Files */,
				60AC83201FF58E8B00120172 /* HyperspaceTests.swift */,
			);
			path = Tests;
			sourceTree = "<group>";
		};
		60AC833D1FF596B600120172 /* Hyperspace */ = {
			isa = PBXGroup;
			children = (
				60AC833E1FF596B600120172 /* Extensions */,
				60AC83411FF596B600120172 /* HTTP */,
				60AC83431FF596B600120172 /* Request */,
				60AC83471FF596B600120172 /* Service */,
			);
			path = Hyperspace;
			sourceTree = "<group>";
		};
		60AC833E1FF596B600120172 /* Extensions */ = {
			isa = PBXGroup;
			children = (
				60AC833F1FF596B600120172 /* URL+Additions.swift */,
				60AC83401FF596B600120172 /* URLQueryItem+Extensions.swift */,
			);
			path = Extensions;
			sourceTree = "<group>";
		};
		60AC83411FF596B600120172 /* HTTP */ = {
			isa = PBXGroup;
			children = (
				60AC83421FF596B600120172 /* HTTP.swift */,
			);
			path = HTTP;
			sourceTree = "<group>";
		};
		60AC83431FF596B600120172 /* Request */ = {
			isa = PBXGroup;
			children = (
				60AC83441FF596B600120172 /* AnyNetworkRequest+DecodableContainer.swift */,
				60AC83451FF596B600120172 /* AnyNetworkRequest.swift */,
				60AC83461FF596B600120172 /* NetworkRequest.swift */,
			);
			path = Request;
			sourceTree = "<group>";
		};
		60AC83471FF596B600120172 /* Service */ = {
			isa = PBXGroup;
			children = (
				60AC83481FF596B600120172 /* Network */,
				60AC834D1FF596B600120172 /* Backend */,
			);
			path = Service;
			sourceTree = "<group>";
		};
		60AC83481FF596B600120172 /* Network */ = {
			isa = PBXGroup;
			children = (
				60AC83491FF596B600120172 /* NetworkSessionDataTask.swift */,
				60AC834A1FF596B600120172 /* NetworkServiceProtocol.swift */,
				60AC834B1FF596B600120172 /* NetworkSession.swift */,
				60AC834C1FF596B600120172 /* NetworkService.swift */,
			);
			path = Network;
			sourceTree = "<group>";
		};
		60AC834D1FF596B600120172 /* Backend */ = {
			isa = PBXGroup;
			children = (
				60AC834E1FF596B600120172 /* BackendServiceProtocol.swift */,
				60AC834F1FF596B600120172 /* BackendService.swift */,
			);
			path = Backend;
			sourceTree = "<group>";
		};
		60EB8FDA1FF59FB000AC0B55 /* Supporting Files */ = {
			isa = PBXGroup;
			children = (
				60EB8FDB1FF59FB000AC0B55 /* Info.plist */,
			);
			path = "Supporting Files";
			sourceTree = "<group>";
		};
/* End PBXGroup section */

/* Begin PBXHeadersBuildPhase section */
		60AC82B31FF588D500120172 /* Headers */ = {
			isa = PBXHeadersBuildPhase;
			buildActionMask = 2147483647;
			files = (
				60AC830F1FF58E3600120172 /* Hyperspace.h in Headers */,
			);
			runOnlyForDeploymentPostprocessing = 0;
		};
		60AC82D21FF5899800120172 /* Headers */ = {
			isa = PBXHeadersBuildPhase;
			buildActionMask = 2147483647;
			files = (
				60AC831D1FF58E4D00120172 /* Hyperspace.h in Headers */,
			);
			runOnlyForDeploymentPostprocessing = 0;
		};
		60AC82DF1FF589C200120172 /* Headers */ = {
			isa = PBXHeadersBuildPhase;
			buildActionMask = 2147483647;
			files = (
				60AC831E1FF58E4F00120172 /* Hyperspace.h in Headers */,
			);
			runOnlyForDeploymentPostprocessing = 0;
		};
/* End PBXHeadersBuildPhase section */

/* Begin PBXNativeTarget section */
		60AC82B51FF588D500120172 /* Hyperspace-iOS */ = {
			isa = PBXNativeTarget;
			buildConfigurationList = 60AC82CA1FF588D600120172 /* Build configuration list for PBXNativeTarget "Hyperspace-iOS" */;
			buildPhases = (
				60AC82B11FF588D500120172 /* Sources */,
				60AC82B21FF588D500120172 /* Frameworks */,
				60AC82B31FF588D500120172 /* Headers */,
				60AC82B41FF588D500120172 /* Resources */,
			);
			buildRules = (
			);
			dependencies = (
			);
			name = "Hyperspace-iOS";
			productName = Hyperspace;
			productReference = 60AC82B61FF588D500120172 /* Hyperspace.framework */;
			productType = "com.apple.product-type.framework";
		};
		60AC82BE1FF588D600120172 /* Hyperspace-iOSTests */ = {
			isa = PBXNativeTarget;
			buildConfigurationList = 60AC82CD1FF588D600120172 /* Build configuration list for PBXNativeTarget "Hyperspace-iOSTests" */;
			buildPhases = (
				60AC82BB1FF588D600120172 /* Sources */,
				60AC82BC1FF588D600120172 /* Frameworks */,
				60AC82BD1FF588D600120172 /* Resources */,
			);
			buildRules = (
			);
			dependencies = (
				60AC82C21FF588D600120172 /* PBXTargetDependency */,
			);
			name = "Hyperspace-iOSTests";
			productName = HyperspaceTests;
			productReference = 60AC82BF1FF588D600120172 /* Hyperspace-iOSTests.xctest */;
			productType = "com.apple.product-type.bundle.unit-test";
		};
		60AC82D41FF5899800120172 /* Hyperspace-watchOS */ = {
			isa = PBXNativeTarget;
			buildConfigurationList = 60AC82DA1FF5899800120172 /* Build configuration list for PBXNativeTarget "Hyperspace-watchOS" */;
			buildPhases = (
				60AC82D01FF5899800120172 /* Sources */,
				60AC82D11FF5899800120172 /* Frameworks */,
				60AC82D21FF5899800120172 /* Headers */,
				60AC82D31FF5899800120172 /* Resources */,
			);
			buildRules = (
			);
			dependencies = (
			);
			name = "Hyperspace-watchOS";
			productName = "Hyperspace-watchOS";
			productReference = 60AC82D51FF5899800120172 /* Hyperspace.framework */;
			productType = "com.apple.product-type.framework";
		};
		60AC82E11FF589C200120172 /* Hyperspace-tvOS */ = {
			isa = PBXNativeTarget;
			buildConfigurationList = 60AC82F31FF589C200120172 /* Build configuration list for PBXNativeTarget "Hyperspace-tvOS" */;
			buildPhases = (
				60AC82DD1FF589C200120172 /* Sources */,
				60AC82DE1FF589C200120172 /* Frameworks */,
				60AC82DF1FF589C200120172 /* Headers */,
				60AC82E01FF589C200120172 /* Resources */,
			);
			buildRules = (
			);
			dependencies = (
			);
			name = "Hyperspace-tvOS";
			productName = "Hyperspace-tvOS";
			productReference = 60AC82E21FF589C200120172 /* Hyperspace.framework */;
			productType = "com.apple.product-type.framework";
		};
		60AC82E91FF589C200120172 /* Hyperspace-tvOSTests */ = {
			isa = PBXNativeTarget;
			buildConfigurationList = 60AC82F61FF589C200120172 /* Build configuration list for PBXNativeTarget "Hyperspace-tvOSTests" */;
			buildPhases = (
				60AC82E61FF589C200120172 /* Sources */,
				60AC82E71FF589C200120172 /* Frameworks */,
				60AC82E81FF589C200120172 /* Resources */,
			);
			buildRules = (
			);
			dependencies = (
				60AC82ED1FF589C200120172 /* PBXTargetDependency */,
			);
			name = "Hyperspace-tvOSTests";
			productName = "Hyperspace-tvOSTests";
			productReference = 60AC82EA1FF589C200120172 /* Hyperspace-tvOSTests.xctest */;
			productType = "com.apple.product-type.bundle.unit-test";
		};
/* End PBXNativeTarget section */

/* Begin PBXProject section */
		60AC82AD1FF588D500120172 /* Project object */ = {
			isa = PBXProject;
			attributes = {
				LastSwiftUpdateCheck = 0920;
				LastUpgradeCheck = 0920;
				ORGANIZATIONNAME = "Bottle Rocket Studios";
				TargetAttributes = {
					60AC82B51FF588D500120172 = {
						CreatedOnToolsVersion = 9.2;
						LastSwiftMigration = 0920;
						ProvisioningStyle = Automatic;
					};
					60AC82BE1FF588D600120172 = {
						CreatedOnToolsVersion = 9.2;
						ProvisioningStyle = Automatic;
					};
					60AC82D41FF5899800120172 = {
						CreatedOnToolsVersion = 9.2;
						ProvisioningStyle = Automatic;
					};
					60AC82E11FF589C200120172 = {
						CreatedOnToolsVersion = 9.2;
						ProvisioningStyle = Automatic;
					};
					60AC82E91FF589C200120172 = {
						CreatedOnToolsVersion = 9.2;
						ProvisioningStyle = Automatic;
					};
				};
			};
			buildConfigurationList = 60AC82B01FF588D500120172 /* Build configuration list for PBXProject "Hyperspace" */;
			compatibilityVersion = "Xcode 8.0";
			developmentRegion = en;
			hasScannedForEncodings = 0;
			knownRegions = (
				en,
			);
			mainGroup = 60AC82AC1FF588D500120172;
			productRefGroup = 60AC82B71FF588D500120172 /* Products */;
			projectDirPath = "";
			projectRoot = "";
			targets = (
				60AC82B51FF588D500120172 /* Hyperspace-iOS */,
				60AC82BE1FF588D600120172 /* Hyperspace-iOSTests */,
				60AC82E11FF589C200120172 /* Hyperspace-tvOS */,
				60AC82E91FF589C200120172 /* Hyperspace-tvOSTests */,
				60AC82D41FF5899800120172 /* Hyperspace-watchOS */,
			);
		};
/* End PBXProject section */

/* Begin PBXResourcesBuildPhase section */
		60AC82B41FF588D500120172 /* Resources */ = {
			isa = PBXResourcesBuildPhase;
			buildActionMask = 2147483647;
			files = (
			);
			runOnlyForDeploymentPostprocessing = 0;
		};
		60AC82BD1FF588D600120172 /* Resources */ = {
			isa = PBXResourcesBuildPhase;
			buildActionMask = 2147483647;
			files = (
			);
			runOnlyForDeploymentPostprocessing = 0;
		};
		60AC82D31FF5899800120172 /* Resources */ = {
			isa = PBXResourcesBuildPhase;
			buildActionMask = 2147483647;
			files = (
			);
			runOnlyForDeploymentPostprocessing = 0;
		};
		60AC82E01FF589C200120172 /* Resources */ = {
			isa = PBXResourcesBuildPhase;
			buildActionMask = 2147483647;
			files = (
			);
			runOnlyForDeploymentPostprocessing = 0;
		};
		60AC82E81FF589C200120172 /* Resources */ = {
			isa = PBXResourcesBuildPhase;
			buildActionMask = 2147483647;
			files = (
			);
			runOnlyForDeploymentPostprocessing = 0;
		};
/* End PBXResourcesBuildPhase section */

/* Begin PBXSourcesBuildPhase section */
		60AC82B11FF588D500120172 /* Sources */ = {
			isa = PBXSourcesBuildPhase;
			buildActionMask = 2147483647;
			files = (
				60D6C36D201CC81100B3B012 /* URL+Additions.swift in Sources */,
				60D6C36E201CC81100B3B012 /* URLQueryItem+Extensions.swift in Sources */,
				60D6C36F201CC81100B3B012 /* HTTP.swift in Sources */,
				60D6C370201CC81100B3B012 /* AnyNetworkRequest+DecodableContainer.swift in Sources */,
				60D6C371201CC81100B3B012 /* AnyNetworkRequest.swift in Sources */,
				60D6C372201CC81100B3B012 /* NetworkRequest.swift in Sources */,
				60D6C373201CC81100B3B012 /* NetworkSessionDataTask.swift in Sources */,
				60D6C374201CC81100B3B012 /* NetworkServiceProtocol.swift in Sources */,
				60D6C375201CC81100B3B012 /* NetworkSession.swift in Sources */,
				60D6C376201CC81100B3B012 /* NetworkService.swift in Sources */,
				60D6C377201CC81100B3B012 /* BackendServiceProtocol.swift in Sources */,
				60D6C378201CC81100B3B012 /* BackendService.swift in Sources */,
			);
			runOnlyForDeploymentPostprocessing = 0;
		};
		60AC82BB1FF588D600120172 /* Sources */ = {
			isa = PBXSourcesBuildPhase;
			buildActionMask = 2147483647;
			files = (
				60AC833A1FF58F3C00120172 /* HyperspaceTests.swift in Sources */,
			);
			runOnlyForDeploymentPostprocessing = 0;
		};
		60AC82D01FF5899800120172 /* Sources */ = {
			isa = PBXSourcesBuildPhase;
			buildActionMask = 2147483647;
			files = (
				60D6C385201CCCBE00B3B012 /* URL+Additions.swift in Sources */,
				60D6C386201CCCBE00B3B012 /* URLQueryItem+Extensions.swift in Sources */,
				60D6C387201CCCBE00B3B012 /* HTTP.swift in Sources */,
				60D6C388201CCCBE00B3B012 /* AnyNetworkRequest+DecodableContainer.swift in Sources */,
				60D6C389201CCCBE00B3B012 /* AnyNetworkRequest.swift in Sources */,
				60D6C38A201CCCBE00B3B012 /* NetworkRequest.swift in Sources */,
				60D6C38B201CCCBE00B3B012 /* NetworkSessionDataTask.swift in Sources */,
				60D6C38C201CCCBE00B3B012 /* NetworkServiceProtocol.swift in Sources */,
				60D6C38D201CCCBE00B3B012 /* NetworkSession.swift in Sources */,
				60D6C38E201CCCBE00B3B012 /* NetworkService.swift in Sources */,
				60D6C38F201CCCBE00B3B012 /* BackendServiceProtocol.swift in Sources */,
				60D6C390201CCCBE00B3B012 /* BackendService.swift in Sources */,
			);
			runOnlyForDeploymentPostprocessing = 0;
		};
		60AC82DD1FF589C200120172 /* Sources */ = {
			isa = PBXSourcesBuildPhase;
			buildActionMask = 2147483647;
			files = (
				60D6C379201CCCAE00B3B012 /* URL+Additions.swift in Sources */,
				60D6C37A201CCCAE00B3B012 /* URLQueryItem+Extensions.swift in Sources */,
				60D6C37B201CCCAE00B3B012 /* HTTP.swift in Sources */,
				60D6C37C201CCCAE00B3B012 /* AnyNetworkRequest+DecodableContainer.swift in Sources */,
				60D6C37D201CCCAE00B3B012 /* AnyNetworkRequest.swift in Sources */,
				60D6C37E201CCCAE00B3B012 /* NetworkRequest.swift in Sources */,
				60D6C37F201CCCAE00B3B012 /* NetworkSessionDataTask.swift in Sources */,
				60D6C380201CCCAE00B3B012 /* NetworkServiceProtocol.swift in Sources */,
				60D6C381201CCCAE00B3B012 /* NetworkSession.swift in Sources */,
				60D6C382201CCCAE00B3B012 /* NetworkService.swift in Sources */,
				60D6C383201CCCAE00B3B012 /* BackendServiceProtocol.swift in Sources */,
				60D6C384201CCCAE00B3B012 /* BackendService.swift in Sources */,
			);
			runOnlyForDeploymentPostprocessing = 0;
		};
		60AC82E61FF589C200120172 /* Sources */ = {
			isa = PBXSourcesBuildPhase;
			buildActionMask = 2147483647;
			files = (
				60AC833B1FF5927200120172 /* HyperspaceTests.swift in Sources */,
			);
			runOnlyForDeploymentPostprocessing = 0;
		};
/* End PBXSourcesBuildPhase section */

/* Begin PBXTargetDependency section */
		60AC82C21FF588D600120172 /* PBXTargetDependency */ = {
			isa = PBXTargetDependency;
			target = 60AC82B51FF588D500120172 /* Hyperspace-iOS */;
			targetProxy = 60AC82C11FF588D600120172 /* PBXContainerItemProxy */;
		};
		60AC82ED1FF589C200120172 /* PBXTargetDependency */ = {
			isa = PBXTargetDependency;
			target = 60AC82E11FF589C200120172 /* Hyperspace-tvOS */;
			targetProxy = 60AC82EC1FF589C200120172 /* PBXContainerItemProxy */;
		};
/* End PBXTargetDependency section */

/* Begin XCBuildConfiguration section */
		60AC82C81FF588D600120172 /* Debug */ = {
			isa = XCBuildConfiguration;
			buildSettings = {
				ALWAYS_SEARCH_USER_PATHS = NO;
				CLANG_ANALYZER_NONNULL = YES;
				CLANG_ANALYZER_NUMBER_OBJECT_CONVERSION = YES_AGGRESSIVE;
				CLANG_CXX_LANGUAGE_STANDARD = "gnu++14";
				CLANG_CXX_LIBRARY = "libc++";
				CLANG_ENABLE_MODULES = YES;
				CLANG_ENABLE_OBJC_ARC = YES;
				CLANG_WARN_BLOCK_CAPTURE_AUTORELEASING = YES;
				CLANG_WARN_BOOL_CONVERSION = YES;
				CLANG_WARN_COMMA = YES;
				CLANG_WARN_CONSTANT_CONVERSION = YES;
				CLANG_WARN_DIRECT_OBJC_ISA_USAGE = YES_ERROR;
				CLANG_WARN_DOCUMENTATION_COMMENTS = YES;
				CLANG_WARN_EMPTY_BODY = YES;
				CLANG_WARN_ENUM_CONVERSION = YES;
				CLANG_WARN_INFINITE_RECURSION = YES;
				CLANG_WARN_INT_CONVERSION = YES;
				CLANG_WARN_NON_LITERAL_NULL_CONVERSION = YES;
				CLANG_WARN_OBJC_LITERAL_CONVERSION = YES;
				CLANG_WARN_OBJC_ROOT_CLASS = YES_ERROR;
				CLANG_WARN_RANGE_LOOP_ANALYSIS = YES;
				CLANG_WARN_STRICT_PROTOTYPES = YES;
				CLANG_WARN_SUSPICIOUS_MOVE = YES;
				CLANG_WARN_UNGUARDED_AVAILABILITY = YES_AGGRESSIVE;
				CLANG_WARN_UNREACHABLE_CODE = YES;
				CLANG_WARN__DUPLICATE_METHOD_MATCH = YES;
				CODE_SIGN_IDENTITY = "iPhone Developer";
				COPY_PHASE_STRIP = NO;
				CURRENT_PROJECT_VERSION = 1;
				DEBUG_INFORMATION_FORMAT = dwarf;
				ENABLE_STRICT_OBJC_MSGSEND = YES;
				ENABLE_TESTABILITY = YES;
				GCC_C_LANGUAGE_STANDARD = gnu11;
				GCC_DYNAMIC_NO_PIC = NO;
				GCC_NO_COMMON_BLOCKS = YES;
				GCC_OPTIMIZATION_LEVEL = 0;
				GCC_PREPROCESSOR_DEFINITIONS = (
					"DEBUG=1",
					"$(inherited)",
				);
				GCC_WARN_64_TO_32_BIT_CONVERSION = YES;
				GCC_WARN_ABOUT_RETURN_TYPE = YES_ERROR;
				GCC_WARN_UNDECLARED_SELECTOR = YES;
				GCC_WARN_UNINITIALIZED_AUTOS = YES_AGGRESSIVE;
				GCC_WARN_UNUSED_FUNCTION = YES;
				GCC_WARN_UNUSED_VARIABLE = YES;
				IPHONEOS_DEPLOYMENT_TARGET = 8.0;
				MTL_ENABLE_DEBUG_INFO = YES;
				ONLY_ACTIVE_ARCH = YES;
				SDKROOT = iphoneos;
				SWIFT_ACTIVE_COMPILATION_CONDITIONS = DEBUG;
				SWIFT_OPTIMIZATION_LEVEL = "-Onone";
				VERSIONING_SYSTEM = "apple-generic";
				VERSION_INFO_PREFIX = "";
			};
			name = Debug;
		};
		60AC82C91FF588D600120172 /* Release */ = {
			isa = XCBuildConfiguration;
			buildSettings = {
				ALWAYS_SEARCH_USER_PATHS = NO;
				CLANG_ANALYZER_NONNULL = YES;
				CLANG_ANALYZER_NUMBER_OBJECT_CONVERSION = YES_AGGRESSIVE;
				CLANG_CXX_LANGUAGE_STANDARD = "gnu++14";
				CLANG_CXX_LIBRARY = "libc++";
				CLANG_ENABLE_MODULES = YES;
				CLANG_ENABLE_OBJC_ARC = YES;
				CLANG_WARN_BLOCK_CAPTURE_AUTORELEASING = YES;
				CLANG_WARN_BOOL_CONVERSION = YES;
				CLANG_WARN_COMMA = YES;
				CLANG_WARN_CONSTANT_CONVERSION = YES;
				CLANG_WARN_DIRECT_OBJC_ISA_USAGE = YES_ERROR;
				CLANG_WARN_DOCUMENTATION_COMMENTS = YES;
				CLANG_WARN_EMPTY_BODY = YES;
				CLANG_WARN_ENUM_CONVERSION = YES;
				CLANG_WARN_INFINITE_RECURSION = YES;
				CLANG_WARN_INT_CONVERSION = YES;
				CLANG_WARN_NON_LITERAL_NULL_CONVERSION = YES;
				CLANG_WARN_OBJC_LITERAL_CONVERSION = YES;
				CLANG_WARN_OBJC_ROOT_CLASS = YES_ERROR;
				CLANG_WARN_RANGE_LOOP_ANALYSIS = YES;
				CLANG_WARN_STRICT_PROTOTYPES = YES;
				CLANG_WARN_SUSPICIOUS_MOVE = YES;
				CLANG_WARN_UNGUARDED_AVAILABILITY = YES_AGGRESSIVE;
				CLANG_WARN_UNREACHABLE_CODE = YES;
				CLANG_WARN__DUPLICATE_METHOD_MATCH = YES;
				CODE_SIGN_IDENTITY = "iPhone Developer";
				COPY_PHASE_STRIP = NO;
				CURRENT_PROJECT_VERSION = 1;
				DEBUG_INFORMATION_FORMAT = "dwarf-with-dsym";
				ENABLE_NS_ASSERTIONS = NO;
				ENABLE_STRICT_OBJC_MSGSEND = YES;
				GCC_C_LANGUAGE_STANDARD = gnu11;
				GCC_NO_COMMON_BLOCKS = YES;
				GCC_WARN_64_TO_32_BIT_CONVERSION = YES;
				GCC_WARN_ABOUT_RETURN_TYPE = YES_ERROR;
				GCC_WARN_UNDECLARED_SELECTOR = YES;
				GCC_WARN_UNINITIALIZED_AUTOS = YES_AGGRESSIVE;
				GCC_WARN_UNUSED_FUNCTION = YES;
				GCC_WARN_UNUSED_VARIABLE = YES;
				IPHONEOS_DEPLOYMENT_TARGET = 8.0;
				MTL_ENABLE_DEBUG_INFO = NO;
				SDKROOT = iphoneos;
				SWIFT_OPTIMIZATION_LEVEL = "-Owholemodule";
				VALIDATE_PRODUCT = YES;
				VERSIONING_SYSTEM = "apple-generic";
				VERSION_INFO_PREFIX = "";
			};
			name = Release;
		};
		60AC82CB1FF588D600120172 /* Debug */ = {
			isa = XCBuildConfiguration;
			buildSettings = {
				APPLICATION_EXTENSION_API_ONLY = YES;
				CLANG_ENABLE_MODULES = YES;
				CODE_SIGN_IDENTITY = "";
				CODE_SIGN_STYLE = Automatic;
				DEFINES_MODULE = YES;
				DYLIB_COMPATIBILITY_VERSION = 1;
				DYLIB_CURRENT_VERSION = 1;
				DYLIB_INSTALL_NAME_BASE = "@rpath";
				INFOPLIST_FILE = "Sources/Supporting Files/Info.plist";
				INSTALL_PATH = "$(LOCAL_LIBRARY_DIR)/Frameworks";
				LD_RUNPATH_SEARCH_PATHS = "$(inherited) @executable_path/Frameworks @loader_path/Frameworks";
				PRODUCT_BUNDLE_IDENTIFIER = "com.bottlerocketstudios.Hyperspace-iOS";
				PRODUCT_NAME = Hyperspace;
				SKIP_INSTALL = YES;
				SWIFT_OPTIMIZATION_LEVEL = "-Onone";
				SWIFT_VERSION = 4.0;
				TARGETED_DEVICE_FAMILY = "1,2";
			};
			name = Debug;
		};
		60AC82CC1FF588D600120172 /* Release */ = {
			isa = XCBuildConfiguration;
			buildSettings = {
				APPLICATION_EXTENSION_API_ONLY = YES;
				CLANG_ENABLE_MODULES = YES;
				CODE_SIGN_IDENTITY = "";
				CODE_SIGN_STYLE = Automatic;
				DEFINES_MODULE = YES;
				DYLIB_COMPATIBILITY_VERSION = 1;
				DYLIB_CURRENT_VERSION = 1;
				DYLIB_INSTALL_NAME_BASE = "@rpath";
				INFOPLIST_FILE = "Sources/Supporting Files/Info.plist";
				INSTALL_PATH = "$(LOCAL_LIBRARY_DIR)/Frameworks";
				LD_RUNPATH_SEARCH_PATHS = "$(inherited) @executable_path/Frameworks @loader_path/Frameworks";
				PRODUCT_BUNDLE_IDENTIFIER = "com.bottlerocketstudios.Hyperspace-iOS";
				PRODUCT_NAME = Hyperspace;
				SKIP_INSTALL = YES;
				SWIFT_VERSION = 4.0;
				TARGETED_DEVICE_FAMILY = "1,2";
			};
			name = Release;
		};
		60AC82CE1FF588D600120172 /* Debug */ = {
			isa = XCBuildConfiguration;
			buildSettings = {
				CODE_SIGN_STYLE = Automatic;
				INFOPLIST_FILE = "Tests/Supporting Files/Info.plist";
				LD_RUNPATH_SEARCH_PATHS = "$(inherited) @executable_path/Frameworks @loader_path/Frameworks";
				PRODUCT_BUNDLE_IDENTIFIER = "com.bottlerocketstudios.Hyperspace-iOSTests";
				PRODUCT_NAME = "$(TARGET_NAME)";
				SWIFT_VERSION = 4.0;
				TARGETED_DEVICE_FAMILY = "1,2";
			};
			name = Debug;
		};
		60AC82CF1FF588D600120172 /* Release */ = {
			isa = XCBuildConfiguration;
			buildSettings = {
				CODE_SIGN_STYLE = Automatic;
				INFOPLIST_FILE = "Tests/Supporting Files/Info.plist";
				LD_RUNPATH_SEARCH_PATHS = "$(inherited) @executable_path/Frameworks @loader_path/Frameworks";
				PRODUCT_BUNDLE_IDENTIFIER = "com.bottlerocketstudios.Hyperspace-iOSTests";
				PRODUCT_NAME = "$(TARGET_NAME)";
				SWIFT_VERSION = 4.0;
				TARGETED_DEVICE_FAMILY = "1,2";
			};
			name = Release;
		};
		60AC82DB1FF5899800120172 /* Debug */ = {
			isa = XCBuildConfiguration;
			buildSettings = {
				APPLICATION_EXTENSION_API_ONLY = YES;
				CODE_SIGN_IDENTITY = "";
				CODE_SIGN_STYLE = Automatic;
				DEFINES_MODULE = YES;
				DYLIB_COMPATIBILITY_VERSION = 1;
				DYLIB_CURRENT_VERSION = 1;
				DYLIB_INSTALL_NAME_BASE = "@rpath";
				INFOPLIST_FILE = "Sources/Supporting Files/Info.plist";
				INSTALL_PATH = "$(LOCAL_LIBRARY_DIR)/Frameworks";
				LD_RUNPATH_SEARCH_PATHS = "$(inherited) @executable_path/Frameworks @loader_path/Frameworks";
				PRODUCT_BUNDLE_IDENTIFIER = "com.bottlerocketstudios.Hyperspace-watchOS";
				PRODUCT_NAME = Hyperspace;
				SDKROOT = watchos;
				SKIP_INSTALL = YES;
				SWIFT_VERSION = 4.0;
				TARGETED_DEVICE_FAMILY = 4;
				WATCHOS_DEPLOYMENT_TARGET = 2.0;
			};
			name = Debug;
		};
		60AC82DC1FF5899800120172 /* Release */ = {
			isa = XCBuildConfiguration;
			buildSettings = {
				APPLICATION_EXTENSION_API_ONLY = YES;
				CODE_SIGN_IDENTITY = "";
				CODE_SIGN_STYLE = Automatic;
				DEFINES_MODULE = YES;
				DYLIB_COMPATIBILITY_VERSION = 1;
				DYLIB_CURRENT_VERSION = 1;
				DYLIB_INSTALL_NAME_BASE = "@rpath";
				INFOPLIST_FILE = "Sources/Supporting Files/Info.plist";
				INSTALL_PATH = "$(LOCAL_LIBRARY_DIR)/Frameworks";
				LD_RUNPATH_SEARCH_PATHS = "$(inherited) @executable_path/Frameworks @loader_path/Frameworks";
				PRODUCT_BUNDLE_IDENTIFIER = "com.bottlerocketstudios.Hyperspace-watchOS";
				PRODUCT_NAME = Hyperspace;
				SDKROOT = watchos;
				SKIP_INSTALL = YES;
				SWIFT_VERSION = 4.0;
				TARGETED_DEVICE_FAMILY = 4;
				WATCHOS_DEPLOYMENT_TARGET = 2.0;
			};
			name = Release;
		};
		60AC82F41FF589C200120172 /* Debug */ = {
			isa = XCBuildConfiguration;
			buildSettings = {
				APPLICATION_EXTENSION_API_ONLY = YES;
				CODE_SIGN_IDENTITY = "";
				CODE_SIGN_STYLE = Automatic;
				DEFINES_MODULE = YES;
				DYLIB_COMPATIBILITY_VERSION = 1;
				DYLIB_CURRENT_VERSION = 1;
				DYLIB_INSTALL_NAME_BASE = "@rpath";
				INFOPLIST_FILE = "Sources/Supporting Files/Info.plist";
				INSTALL_PATH = "$(LOCAL_LIBRARY_DIR)/Frameworks";
				LD_RUNPATH_SEARCH_PATHS = "$(inherited) @executable_path/Frameworks @loader_path/Frameworks";
				PRODUCT_BUNDLE_IDENTIFIER = "com.bottlerocketstudios.Hyperspace-tvOS";
				PRODUCT_NAME = Hyperspace;
				SDKROOT = appletvos;
				SKIP_INSTALL = YES;
				SWIFT_VERSION = 4.0;
				TARGETED_DEVICE_FAMILY = 3;
				TVOS_DEPLOYMENT_TARGET = 9.0;
			};
			name = Debug;
		};
		60AC82F51FF589C200120172 /* Release */ = {
			isa = XCBuildConfiguration;
			buildSettings = {
				APPLICATION_EXTENSION_API_ONLY = YES;
				CODE_SIGN_IDENTITY = "";
				CODE_SIGN_STYLE = Automatic;
				DEFINES_MODULE = YES;
				DYLIB_COMPATIBILITY_VERSION = 1;
				DYLIB_CURRENT_VERSION = 1;
				DYLIB_INSTALL_NAME_BASE = "@rpath";
				INFOPLIST_FILE = "Sources/Supporting Files/Info.plist";
				INSTALL_PATH = "$(LOCAL_LIBRARY_DIR)/Frameworks";
				LD_RUNPATH_SEARCH_PATHS = "$(inherited) @executable_path/Frameworks @loader_path/Frameworks";
				PRODUCT_BUNDLE_IDENTIFIER = "com.bottlerocketstudios.Hyperspace-tvOS";
				PRODUCT_NAME = Hyperspace;
				SDKROOT = appletvos;
				SKIP_INSTALL = YES;
				SWIFT_VERSION = 4.0;
				TARGETED_DEVICE_FAMILY = 3;
				TVOS_DEPLOYMENT_TARGET = 9.0;
			};
			name = Release;
		};
		60AC82F71FF589C200120172 /* Debug */ = {
			isa = XCBuildConfiguration;
			buildSettings = {
				ALWAYS_EMBED_SWIFT_STANDARD_LIBRARIES = YES;
				CODE_SIGN_STYLE = Automatic;
				INFOPLIST_FILE = "Tests/Supporting Files/Info.plist";
				LD_RUNPATH_SEARCH_PATHS = "$(inherited) @executable_path/Frameworks @loader_path/Frameworks";
				PRODUCT_BUNDLE_IDENTIFIER = "com.bottlerocketstudios.Hyperspace-tvOSTests";
				PRODUCT_NAME = "$(TARGET_NAME)";
				SDKROOT = appletvos;
				SWIFT_VERSION = 4.0;
				TARGETED_DEVICE_FAMILY = 3;
				TVOS_DEPLOYMENT_TARGET = 11.2;
			};
			name = Debug;
		};
		60AC82F81FF589C200120172 /* Release */ = {
			isa = XCBuildConfiguration;
			buildSettings = {
				ALWAYS_EMBED_SWIFT_STANDARD_LIBRARIES = YES;
				CODE_SIGN_STYLE = Automatic;
				INFOPLIST_FILE = "Tests/Supporting Files/Info.plist";
				LD_RUNPATH_SEARCH_PATHS = "$(inherited) @executable_path/Frameworks @loader_path/Frameworks";
				PRODUCT_BUNDLE_IDENTIFIER = "com.bottlerocketstudios.Hyperspace-tvOSTests";
				PRODUCT_NAME = "$(TARGET_NAME)";
				SDKROOT = appletvos;
				SWIFT_VERSION = 4.0;
				TARGETED_DEVICE_FAMILY = 3;
				TVOS_DEPLOYMENT_TARGET = 11.2;
			};
			name = Release;
		};
/* End XCBuildConfiguration section */

/* Begin XCConfigurationList section */
		60AC82B01FF588D500120172 /* Build configuration list for PBXProject "Hyperspace" */ = {
			isa = XCConfigurationList;
			buildConfigurations = (
				60AC82C81FF588D600120172 /* Debug */,
				60AC82C91FF588D600120172 /* Release */,
			);
			defaultConfigurationIsVisible = 0;
			defaultConfigurationName = Release;
		};
		60AC82CA1FF588D600120172 /* Build configuration list for PBXNativeTarget "Hyperspace-iOS" */ = {
			isa = XCConfigurationList;
			buildConfigurations = (
				60AC82CB1FF588D600120172 /* Debug */,
				60AC82CC1FF588D600120172 /* Release */,
			);
			defaultConfigurationIsVisible = 0;
			defaultConfigurationName = Release;
		};
		60AC82CD1FF588D600120172 /* Build configuration list for PBXNativeTarget "Hyperspace-iOSTests" */ = {
			isa = XCConfigurationList;
			buildConfigurations = (
				60AC82CE1FF588D600120172 /* Debug */,
				60AC82CF1FF588D600120172 /* Release */,
			);
			defaultConfigurationIsVisible = 0;
			defaultConfigurationName = Release;
		};
		60AC82DA1FF5899800120172 /* Build configuration list for PBXNativeTarget "Hyperspace-watchOS" */ = {
			isa = XCConfigurationList;
			buildConfigurations = (
				60AC82DB1FF5899800120172 /* Debug */,
				60AC82DC1FF5899800120172 /* Release */,
			);
			defaultConfigurationIsVisible = 0;
			defaultConfigurationName = Release;
		};
		60AC82F31FF589C200120172 /* Build configuration list for PBXNativeTarget "Hyperspace-tvOS" */ = {
			isa = XCConfigurationList;
			buildConfigurations = (
				60AC82F41FF589C200120172 /* Debug */,
				60AC82F51FF589C200120172 /* Release */,
			);
			defaultConfigurationIsVisible = 0;
			defaultConfigurationName = Release;
		};
		60AC82F61FF589C200120172 /* Build configuration list for PBXNativeTarget "Hyperspace-tvOSTests" */ = {
			isa = XCConfigurationList;
			buildConfigurations = (
				60AC82F71FF589C200120172 /* Debug */,
				60AC82F81FF589C200120172 /* Release */,
			);
			defaultConfigurationIsVisible = 0;
			defaultConfigurationName = Release;
		};
/* End XCConfigurationList section */
	};
	rootObject = 60AC82AD1FF588D500120172 /* Project object */;
}
