// !$*UTF8*$!
{
	archiveVersion = 1;
	classes = {
	};
	objectVersion = 46;
	objects = {

/* Begin PBXBuildFile section */
		0E24C4681FDF010100448212 /* Object.json in Resources */ = {isa = PBXBuildFile; fileRef = 0E24C4661FDB4F1600448212 /* Object.json */; };
		0E24C46A1FDF018D00448212 /* DateObject.json in Resources */ = {isa = PBXBuildFile; fileRef = 0E24C4691FDF018D00448212 /* DateObject.json */; };
		0E24C46B1FDF018D00448212 /* DateObject.json in Resources */ = {isa = PBXBuildFile; fileRef = 0E24C4691FDF018D00448212 /* DateObject.json */; };
		0E5CD4E61FD74E72000E0C6F /* RootKeyArray.json in Resources */ = {isa = PBXBuildFile; fileRef = 0E5CD4E41FD74E72000E0C6F /* RootKeyArray.json */; };
		0E5CD4E71FD74E72000E0C6F /* RootKeyObject.json in Resources */ = {isa = PBXBuildFile; fileRef = 0E5CD4E51FD74E72000E0C6F /* RootKeyObject.json */; };
		0E5CD4E91FD74E7F000E0C6F /* MockDecodableContainer.swift in Sources */ = {isa = PBXBuildFile; fileRef = 0E5CD4E81FD74E7F000E0C6F /* MockDecodableContainer.swift */; };
		0E5CD4EA1FD74F3D000E0C6F /* DecodingTests.swift in Sources */ = {isa = PBXBuildFile; fileRef = 0E5CD4E21FD74DF3000E0C6F /* DecodingTests.swift */; };
		129916481FD740270097D618 /* Interface.storyboard in Resources */ = {isa = PBXBuildFile; fileRef = 129916461FD740270097D618 /* Interface.storyboard */; };
		1299164A1FD740270097D618 /* Assets.xcassets in Resources */ = {isa = PBXBuildFile; fileRef = 129916491FD740270097D618 /* Assets.xcassets */; };
		129916511FD740270097D618 /* Hyperspace_Example_watchOS Extension.appex in Embed App Extensions */ = {isa = PBXBuildFile; fileRef = 129916501FD740270097D618 /* Hyperspace_Example_watchOS Extension.appex */; settings = {ATTRIBUTES = (RemoveHeadersOnCopy, ); }; };
		129916561FD740270097D618 /* InterfaceController.swift in Sources */ = {isa = PBXBuildFile; fileRef = 129916551FD740270097D618 /* InterfaceController.swift */; };
		129916581FD740280097D618 /* ExtensionDelegate.swift in Sources */ = {isa = PBXBuildFile; fileRef = 129916571FD740280097D618 /* ExtensionDelegate.swift */; };
		1299165A1FD740280097D618 /* NotificationController.swift in Sources */ = {isa = PBXBuildFile; fileRef = 129916591FD740280097D618 /* NotificationController.swift */; };
		1299165C1FD740280097D618 /* Assets.xcassets in Resources */ = {isa = PBXBuildFile; fileRef = 1299165B1FD740280097D618 /* Assets.xcassets */; };
		129916611FD740280097D618 /* Hyperspace_Example_watchOS.app in Embed Watch Content */ = {isa = PBXBuildFile; fileRef = 129916441FD740270097D618 /* Hyperspace_Example_watchOS.app */; };
		1299166E1FD748980097D618 /* Models.swift in Sources */ = {isa = PBXBuildFile; fileRef = 1299166C1FD748980097D618 /* Models.swift */; };
		1299166F1FD748980097D618 /* NetworkRequests.swift in Sources */ = {isa = PBXBuildFile; fileRef = 1299166D1FD748980097D618 /* NetworkRequests.swift */; };
		129916701FD7489C0097D618 /* NetworkRequests.swift in Sources */ = {isa = PBXBuildFile; fileRef = 1299166D1FD748980097D618 /* NetworkRequests.swift */; };
		129916781FD7492D0097D618 /* AppDelegate.swift in Sources */ = {isa = PBXBuildFile; fileRef = 129916771FD7492D0097D618 /* AppDelegate.swift */; };
		1299167A1FD7492D0097D618 /* ViewController.swift in Sources */ = {isa = PBXBuildFile; fileRef = 129916791FD7492D0097D618 /* ViewController.swift */; };
		1299167D1FD7492D0097D618 /* Main.storyboard in Resources */ = {isa = PBXBuildFile; fileRef = 1299167B1FD7492D0097D618 /* Main.storyboard */; };
		1299167F1FD7492D0097D618 /* Assets.xcassets in Resources */ = {isa = PBXBuildFile; fileRef = 1299167E1FD7492D0097D618 /* Assets.xcassets */; };
		129916841FD7497D0097D618 /* Models.swift in Sources */ = {isa = PBXBuildFile; fileRef = 1299166C1FD748980097D618 /* Models.swift */; };
		129916851FD7497D0097D618 /* NetworkRequests.swift in Sources */ = {isa = PBXBuildFile; fileRef = 1299166D1FD748980097D618 /* NetworkRequests.swift */; };
		129916861FD749800097D618 /* Models.swift in Sources */ = {isa = PBXBuildFile; fileRef = 1299166C1FD748980097D618 /* Models.swift */; };
		4A92A8309339BDBA97A0C9DB /* Pods_Hyperspace_Tests.framework in Frameworks */ = {isa = PBXBuildFile; fileRef = EF5630E33342CEF08B10CCB0 /* Pods_Hyperspace_Tests.framework */; };
		607FACD61AFB9204008FA782 /* AppDelegate.swift in Sources */ = {isa = PBXBuildFile; fileRef = 607FACD51AFB9204008FA782 /* AppDelegate.swift */; };
		607FACD81AFB9204008FA782 /* ViewController.swift in Sources */ = {isa = PBXBuildFile; fileRef = 607FACD71AFB9204008FA782 /* ViewController.swift */; };
		607FACDB1AFB9204008FA782 /* Main.storyboard in Resources */ = {isa = PBXBuildFile; fileRef = 607FACD91AFB9204008FA782 /* Main.storyboard */; };
		607FACDD1AFB9204008FA782 /* Images.xcassets in Resources */ = {isa = PBXBuildFile; fileRef = 607FACDC1AFB9204008FA782 /* Images.xcassets */; };
		607FACE01AFB9204008FA782 /* LaunchScreen.xib in Resources */ = {isa = PBXBuildFile; fileRef = 607FACDE1AFB9204008FA782 /* LaunchScreen.xib */; };
		60FC6AE21F7B17B600708502 /* BackendServiceTests.swift in Sources */ = {isa = PBXBuildFile; fileRef = 60FC6ADF1F7B106D00708502 /* BackendServiceTests.swift */; };
		60FC6AE31F7B17BE00708502 /* MockNetworkService.swift in Sources */ = {isa = PBXBuildFile; fileRef = 60FC6ADC1F7B103C00708502 /* MockNetworkService.swift */; };
		60FC6AE41F7B17C300708502 /* MockNetworkSession.swift in Sources */ = {isa = PBXBuildFile; fileRef = 60FC6ADD1F7B103C00708502 /* MockNetworkSession.swift */; };
		60FC6AE51F7B17C600708502 /* MockNetworkSessionDataTask.swift in Sources */ = {isa = PBXBuildFile; fileRef = 60FC6ADB1F7B103B00708502 /* MockNetworkSessionDataTask.swift */; };
		60FC6AE61F7B17CD00708502 /* NetworkRequestTests.swift in Sources */ = {isa = PBXBuildFile; fileRef = 60FC6AE11F7B107800708502 /* NetworkRequestTests.swift */; };
		60FC6AE71F7B17D000708502 /* NetworkServiceTests.swift in Sources */ = {isa = PBXBuildFile; fileRef = 60FC6AE01F7B107800708502 /* NetworkServiceTests.swift */; };
		60FC6AE81F7B17D600708502 /* NetworkRequestTestDefaults.swift in Sources */ = {isa = PBXBuildFile; fileRef = 60FC6ADE1F7B104800708502 /* NetworkRequestTestDefaults.swift */; };
		69F42357BB40D84FC388485E /* Pods_Hyperspace_Example_tvOS.framework in Frameworks */ = {isa = PBXBuildFile; fileRef = 0ADA43A9698F1AA6E664F10A /* Pods_Hyperspace_Example_tvOS.framework */; };
		7F49C9D625FF3899CA3624FD /* Pods_Hyperspace_Example.framework in Frameworks */ = {isa = PBXBuildFile; fileRef = EBF9E966E9EF74D175D64891 /* Pods_Hyperspace_Example.framework */; };
		A739D0336EC16DEC835B6591 /* Pods_Hyperspace_Example_watchOS_Extension.framework in Frameworks */ = {isa = PBXBuildFile; fileRef = FD3EF52617E524159DB09CB1 /* Pods_Hyperspace_Example_watchOS_Extension.framework */; };
		B8540204A012E4B97195EB07 /* Pods_Hyperspace_Example_watchOS.framework in Frameworks */ = {isa = PBXBuildFile; fileRef = D0237A36E70B4CFC8F83FAAE /* Pods_Hyperspace_Example_watchOS.framework */; };
/* End PBXBuildFile section */

/* Begin PBXContainerItemProxy section */
		129916521FD740270097D618 /* PBXContainerItemProxy */ = {
			isa = PBXContainerItemProxy;
			containerPortal = 607FACC81AFB9204008FA782 /* Project object */;
			proxyType = 1;
			remoteGlobalIDString = 1299164F1FD740270097D618;
			remoteInfo = "Hyperspace_Example_watchOS Extension";
		};
		1299165F1FD740280097D618 /* PBXContainerItemProxy */ = {
			isa = PBXContainerItemProxy;
			containerPortal = 607FACC81AFB9204008FA782 /* Project object */;
			proxyType = 1;
			remoteGlobalIDString = 129916431FD740270097D618;
			remoteInfo = Hyperspace_Example_watchOS;
		};
		607FACE61AFB9204008FA782 /* PBXContainerItemProxy */ = {
			isa = PBXContainerItemProxy;
			containerPortal = 607FACC81AFB9204008FA782 /* Project object */;
			proxyType = 1;
			remoteGlobalIDString = 607FACCF1AFB9204008FA782;
			remoteInfo = Hyperspace;
		};
/* End PBXContainerItemProxy section */

/* Begin PBXCopyFilesBuildPhase section */
		129916671FD740280097D618 /* Embed App Extensions */ = {
			isa = PBXCopyFilesBuildPhase;
			buildActionMask = 2147483647;
			dstPath = "";
			dstSubfolderSpec = 13;
			files = (
				129916511FD740270097D618 /* Hyperspace_Example_watchOS Extension.appex in Embed App Extensions */,
			);
			name = "Embed App Extensions";
			runOnlyForDeploymentPostprocessing = 0;
		};
		129916691FD740280097D618 /* Embed Watch Content */ = {
			isa = PBXCopyFilesBuildPhase;
			buildActionMask = 2147483647;
			dstPath = "$(CONTENTS_FOLDER_PATH)/Watch";
			dstSubfolderSpec = 16;
			files = (
				129916611FD740280097D618 /* Hyperspace_Example_watchOS.app in Embed Watch Content */,
			);
			name = "Embed Watch Content";
			runOnlyForDeploymentPostprocessing = 0;
		};
/* End PBXCopyFilesBuildPhase section */

/* Begin PBXFileReference section */
		025F70E8BAF52CD9FA0FAB64 /* Pods-Hyperspace_Example.release.xcconfig */ = {isa = PBXFileReference; includeInIndex = 1; lastKnownFileType = text.xcconfig; name = "Pods-Hyperspace_Example.release.xcconfig"; path = "Pods/Target Support Files/Pods-Hyperspace_Example/Pods-Hyperspace_Example.release.xcconfig"; sourceTree = "<group>"; };
		0ADA43A9698F1AA6E664F10A /* Pods_Hyperspace_Example_tvOS.framework */ = {isa = PBXFileReference; explicitFileType = wrapper.framework; includeInIndex = 0; path = Pods_Hyperspace_Example_tvOS.framework; sourceTree = BUILT_PRODUCTS_DIR; };
		0D01E2050B6775735C7EFABC /* Pods-Hyperspace_Example_watchOS.debug.xcconfig */ = {isa = PBXFileReference; includeInIndex = 1; lastKnownFileType = text.xcconfig; name = "Pods-Hyperspace_Example_watchOS.debug.xcconfig"; path = "Pods/Target Support Files/Pods-Hyperspace_Example_watchOS/Pods-Hyperspace_Example_watchOS.debug.xcconfig"; sourceTree = "<group>"; };
		0E24C4661FDB4F1600448212 /* Object.json */ = {isa = PBXFileReference; lastKnownFileType = text.json; path = Object.json; sourceTree = "<group>"; };
		0E24C4691FDF018D00448212 /* DateObject.json */ = {isa = PBXFileReference; fileEncoding = 4; lastKnownFileType = text.json; path = DateObject.json; sourceTree = "<group>"; };
		0E5CD4E21FD74DF3000E0C6F /* DecodingTests.swift */ = {isa = PBXFileReference; lastKnownFileType = sourcecode.swift; path = DecodingTests.swift; sourceTree = "<group>"; };
		0E5CD4E41FD74E72000E0C6F /* RootKeyArray.json */ = {isa = PBXFileReference; fileEncoding = 4; lastKnownFileType = text.json; path = RootKeyArray.json; sourceTree = "<group>"; };
		0E5CD4E51FD74E72000E0C6F /* RootKeyObject.json */ = {isa = PBXFileReference; fileEncoding = 4; lastKnownFileType = text.json; path = RootKeyObject.json; sourceTree = "<group>"; };
		0E5CD4E81FD74E7F000E0C6F /* MockDecodableContainer.swift */ = {isa = PBXFileReference; lastKnownFileType = sourcecode.swift; path = MockDecodableContainer.swift; sourceTree = "<group>"; };
		129916441FD740270097D618 /* Hyperspace_Example_watchOS.app */ = {isa = PBXFileReference; explicitFileType = wrapper.application; includeInIndex = 0; path = Hyperspace_Example_watchOS.app; sourceTree = BUILT_PRODUCTS_DIR; };
		129916471FD740270097D618 /* Base */ = {isa = PBXFileReference; lastKnownFileType = file.storyboard; name = Base; path = Base.lproj/Interface.storyboard; sourceTree = "<group>"; };
		129916491FD740270097D618 /* Assets.xcassets */ = {isa = PBXFileReference; lastKnownFileType = folder.assetcatalog; path = Assets.xcassets; sourceTree = "<group>"; };
		1299164B1FD740270097D618 /* Info-watchOS.plist */ = {isa = PBXFileReference; lastKnownFileType = text.plist.xml; path = "Info-watchOS.plist"; sourceTree = "<group>"; };
		129916501FD740270097D618 /* Hyperspace_Example_watchOS Extension.appex */ = {isa = PBXFileReference; explicitFileType = "wrapper.app-extension"; includeInIndex = 0; path = "Hyperspace_Example_watchOS Extension.appex"; sourceTree = BUILT_PRODUCTS_DIR; };
		129916551FD740270097D618 /* InterfaceController.swift */ = {isa = PBXFileReference; lastKnownFileType = sourcecode.swift; path = InterfaceController.swift; sourceTree = "<group>"; };
		129916571FD740280097D618 /* ExtensionDelegate.swift */ = {isa = PBXFileReference; lastKnownFileType = sourcecode.swift; path = ExtensionDelegate.swift; sourceTree = "<group>"; };
		129916591FD740280097D618 /* NotificationController.swift */ = {isa = PBXFileReference; lastKnownFileType = sourcecode.swift; path = NotificationController.swift; sourceTree = "<group>"; };
		1299165B1FD740280097D618 /* Assets.xcassets */ = {isa = PBXFileReference; lastKnownFileType = folder.assetcatalog; path = Assets.xcassets; sourceTree = "<group>"; };
		1299165D1FD740280097D618 /* Info-watchOSExt.plist */ = {isa = PBXFileReference; lastKnownFileType = text.plist.xml; path = "Info-watchOSExt.plist"; sourceTree = "<group>"; };
		1299165E1FD740280097D618 /* PushNotificationPayload.apns */ = {isa = PBXFileReference; lastKnownFileType = text; path = PushNotificationPayload.apns; sourceTree = "<group>"; };
		1299166C1FD748980097D618 /* Models.swift */ = {isa = PBXFileReference; fileEncoding = 4; lastKnownFileType = sourcecode.swift; path = Models.swift; sourceTree = "<group>"; };
		1299166D1FD748980097D618 /* NetworkRequests.swift */ = {isa = PBXFileReference; fileEncoding = 4; lastKnownFileType = sourcecode.swift; path = NetworkRequests.swift; sourceTree = "<group>"; };
		129916751FD7492D0097D618 /* Hyperspace_Example_tvOS.app */ = {isa = PBXFileReference; explicitFileType = wrapper.application; includeInIndex = 0; path = Hyperspace_Example_tvOS.app; sourceTree = BUILT_PRODUCTS_DIR; };
		129916771FD7492D0097D618 /* AppDelegate.swift */ = {isa = PBXFileReference; lastKnownFileType = sourcecode.swift; path = AppDelegate.swift; sourceTree = "<group>"; };
		129916791FD7492D0097D618 /* ViewController.swift */ = {isa = PBXFileReference; lastKnownFileType = sourcecode.swift; path = ViewController.swift; sourceTree = "<group>"; };
		1299167C1FD7492D0097D618 /* Base */ = {isa = PBXFileReference; lastKnownFileType = file.storyboard; name = Base; path = Base.lproj/Main.storyboard; sourceTree = "<group>"; };
		1299167E1FD7492D0097D618 /* Assets.xcassets */ = {isa = PBXFileReference; lastKnownFileType = folder.assetcatalog; path = Assets.xcassets; sourceTree = "<group>"; };
		129916801FD7492D0097D618 /* Info.plist */ = {isa = PBXFileReference; lastKnownFileType = text.plist.xml; path = Info.plist; sourceTree = "<group>"; };
		19A4286E43AC44B22158976B /* LICENSE.txt */ = {isa = PBXFileReference; includeInIndex = 1; lastKnownFileType = text; name = LICENSE.txt; path = ../LICENSE.txt; sourceTree = "<group>"; };
		43829F543E24D2D51E43FA6A /* Pods-Hyperspace_Example_tvOS.debug.xcconfig */ = {isa = PBXFileReference; includeInIndex = 1; lastKnownFileType = text.xcconfig; name = "Pods-Hyperspace_Example_tvOS.debug.xcconfig"; path = "Pods/Target Support Files/Pods-Hyperspace_Example_tvOS/Pods-Hyperspace_Example_tvOS.debug.xcconfig"; sourceTree = "<group>"; };
		52F3F7B05F163983319CC867 /* Pods-Hyperspace_Tests.debug.xcconfig */ = {isa = PBXFileReference; includeInIndex = 1; lastKnownFileType = text.xcconfig; name = "Pods-Hyperspace_Tests.debug.xcconfig"; path = "Pods/Target Support Files/Pods-Hyperspace_Tests/Pods-Hyperspace_Tests.debug.xcconfig"; sourceTree = "<group>"; };
		5F4D2E8339709124D8ACD03F /* Pods-Hyperspace_Example_watchOS Extension.debug.xcconfig */ = {isa = PBXFileReference; includeInIndex = 1; lastKnownFileType = text.xcconfig; name = "Pods-Hyperspace_Example_watchOS Extension.debug.xcconfig"; path = "Pods/Target Support Files/Pods-Hyperspace_Example_watchOS Extension/Pods-Hyperspace_Example_watchOS Extension.debug.xcconfig"; sourceTree = "<group>"; };
		607FACD01AFB9204008FA782 /* Hyperspace_Example.app */ = {isa = PBXFileReference; explicitFileType = wrapper.application; includeInIndex = 0; path = Hyperspace_Example.app; sourceTree = BUILT_PRODUCTS_DIR; };
		607FACD41AFB9204008FA782 /* Info.plist */ = {isa = PBXFileReference; lastKnownFileType = text.plist.xml; path = Info.plist; sourceTree = "<group>"; };
		607FACD51AFB9204008FA782 /* AppDelegate.swift */ = {isa = PBXFileReference; lastKnownFileType = sourcecode.swift; path = AppDelegate.swift; sourceTree = "<group>"; };
		607FACD71AFB9204008FA782 /* ViewController.swift */ = {isa = PBXFileReference; lastKnownFileType = sourcecode.swift; path = ViewController.swift; sourceTree = "<group>"; };
		607FACDA1AFB9204008FA782 /* Base */ = {isa = PBXFileReference; lastKnownFileType = file.storyboard; name = Base; path = Base.lproj/Main.storyboard; sourceTree = "<group>"; };
		607FACDC1AFB9204008FA782 /* Images.xcassets */ = {isa = PBXFileReference; lastKnownFileType = folder.assetcatalog; path = Images.xcassets; sourceTree = "<group>"; };
		607FACDF1AFB9204008FA782 /* Base */ = {isa = PBXFileReference; lastKnownFileType = file.xib; name = Base; path = Base.lproj/LaunchScreen.xib; sourceTree = "<group>"; };
		607FACE51AFB9204008FA782 /* Hyperspace_Tests.xctest */ = {isa = PBXFileReference; explicitFileType = wrapper.cfbundle; includeInIndex = 0; path = Hyperspace_Tests.xctest; sourceTree = BUILT_PRODUCTS_DIR; };
		607FACEA1AFB9204008FA782 /* Info.plist */ = {isa = PBXFileReference; lastKnownFileType = text.plist.xml; path = Info.plist; sourceTree = "<group>"; };
		60FC6AD01F7B0EA000708502 /* Hyperspace.playground */ = {isa = PBXFileReference; lastKnownFileType = file.playground; path = Hyperspace.playground; sourceTree = "<group>"; xcLanguageSpecificationIdentifier = xcode.lang.swift; };
		60FC6AD11F7B0EA000708502 /* Hyperspace_AnyNetworkRequest.playground */ = {isa = PBXFileReference; lastKnownFileType = file.playground; path = Hyperspace_AnyNetworkRequest.playground; sourceTree = "<group>"; xcLanguageSpecificationIdentifier = xcode.lang.swift; };
		60FC6AD21F7B0EA000708502 /* Hyperspace_DELETE.playground */ = {isa = PBXFileReference; lastKnownFileType = file.playground; path = Hyperspace_DELETE.playground; sourceTree = "<group>"; xcLanguageSpecificationIdentifier = xcode.lang.swift; };
		60FC6ADB1F7B103B00708502 /* MockNetworkSessionDataTask.swift */ = {isa = PBXFileReference; lastKnownFileType = sourcecode.swift; path = MockNetworkSessionDataTask.swift; sourceTree = "<group>"; };
		60FC6ADC1F7B103C00708502 /* MockNetworkService.swift */ = {isa = PBXFileReference; lastKnownFileType = sourcecode.swift; path = MockNetworkService.swift; sourceTree = "<group>"; };
		60FC6ADD1F7B103C00708502 /* MockNetworkSession.swift */ = {isa = PBXFileReference; lastKnownFileType = sourcecode.swift; path = MockNetworkSession.swift; sourceTree = "<group>"; };
		60FC6ADE1F7B104800708502 /* NetworkRequestTestDefaults.swift */ = {isa = PBXFileReference; lastKnownFileType = sourcecode.swift; path = NetworkRequestTestDefaults.swift; sourceTree = "<group>"; };
		60FC6ADF1F7B106D00708502 /* BackendServiceTests.swift */ = {isa = PBXFileReference; lastKnownFileType = sourcecode.swift; path = BackendServiceTests.swift; sourceTree = "<group>"; };
		60FC6AE01F7B107800708502 /* NetworkServiceTests.swift */ = {isa = PBXFileReference; lastKnownFileType = sourcecode.swift; path = NetworkServiceTests.swift; sourceTree = "<group>"; };
		60FC6AE11F7B107800708502 /* NetworkRequestTests.swift */ = {isa = PBXFileReference; lastKnownFileType = sourcecode.swift; path = NetworkRequestTests.swift; sourceTree = "<group>"; };
		6CAA6D865C988A99F4CE11EC /* Pods-Hyperspace_Example_tvOS.release.xcconfig */ = {isa = PBXFileReference; includeInIndex = 1; lastKnownFileType = text.xcconfig; name = "Pods-Hyperspace_Example_tvOS.release.xcconfig"; path = "Pods/Target Support Files/Pods-Hyperspace_Example_tvOS/Pods-Hyperspace_Example_tvOS.release.xcconfig"; sourceTree = "<group>"; };
		993580CE80A2751F010C7436 /* README.md */ = {isa = PBXFileReference; includeInIndex = 1; lastKnownFileType = net.daringfireball.markdown; name = README.md; path = ../README.md; sourceTree = "<group>"; };
		AF8FF7290CBE31E4F593FF86 /* Pods-Hyperspace_Tests.release.xcconfig */ = {isa = PBXFileReference; includeInIndex = 1; lastKnownFileType = text.xcconfig; name = "Pods-Hyperspace_Tests.release.xcconfig"; path = "Pods/Target Support Files/Pods-Hyperspace_Tests/Pods-Hyperspace_Tests.release.xcconfig"; sourceTree = "<group>"; };
		B95DDE762423E2A2B08D96C1 /* Pods-Hyperspace_Example_watchOS Extension.release.xcconfig */ = {isa = PBXFileReference; includeInIndex = 1; lastKnownFileType = text.xcconfig; name = "Pods-Hyperspace_Example_watchOS Extension.release.xcconfig"; path = "Pods/Target Support Files/Pods-Hyperspace_Example_watchOS Extension/Pods-Hyperspace_Example_watchOS Extension.release.xcconfig"; sourceTree = "<group>"; };
		BFCBD185E486F82A64F6E3E8 /* Pods-Hyperspace_Example.debug.xcconfig */ = {isa = PBXFileReference; includeInIndex = 1; lastKnownFileType = text.xcconfig; name = "Pods-Hyperspace_Example.debug.xcconfig"; path = "Pods/Target Support Files/Pods-Hyperspace_Example/Pods-Hyperspace_Example.debug.xcconfig"; sourceTree = "<group>"; };
		CF8729374E53729FA99EC5CB /* Hyperspace.podspec */ = {isa = PBXFileReference; includeInIndex = 1; lastKnownFileType = text; name = Hyperspace.podspec; path = ../Hyperspace.podspec; sourceTree = "<group>"; };
		D0237A36E70B4CFC8F83FAAE /* Pods_Hyperspace_Example_watchOS.framework */ = {isa = PBXFileReference; explicitFileType = wrapper.framework; includeInIndex = 0; path = Pods_Hyperspace_Example_watchOS.framework; sourceTree = BUILT_PRODUCTS_DIR; };
		EBF9E966E9EF74D175D64891 /* Pods_Hyperspace_Example.framework */ = {isa = PBXFileReference; explicitFileType = wrapper.framework; includeInIndex = 0; path = Pods_Hyperspace_Example.framework; sourceTree = BUILT_PRODUCTS_DIR; };
		EF5630E33342CEF08B10CCB0 /* Pods_Hyperspace_Tests.framework */ = {isa = PBXFileReference; explicitFileType = wrapper.framework; includeInIndex = 0; path = Pods_Hyperspace_Tests.framework; sourceTree = BUILT_PRODUCTS_DIR; };
		FBE065C33DBC0BB7FB3EF4F6 /* Pods-Hyperspace_Example_watchOS.release.xcconfig */ = {isa = PBXFileReference; includeInIndex = 1; lastKnownFileType = text.xcconfig; name = "Pods-Hyperspace_Example_watchOS.release.xcconfig"; path = "Pods/Target Support Files/Pods-Hyperspace_Example_watchOS/Pods-Hyperspace_Example_watchOS.release.xcconfig"; sourceTree = "<group>"; };
		FD3EF52617E524159DB09CB1 /* Pods_Hyperspace_Example_watchOS_Extension.framework */ = {isa = PBXFileReference; explicitFileType = wrapper.framework; includeInIndex = 0; path = Pods_Hyperspace_Example_watchOS_Extension.framework; sourceTree = BUILT_PRODUCTS_DIR; };
/* End PBXFileReference section */

/* Begin PBXFrameworksBuildPhase section */
		1299164D1FD740270097D618 /* Frameworks */ = {
			isa = PBXFrameworksBuildPhase;
			buildActionMask = 2147483647;
			files = (
				A739D0336EC16DEC835B6591 /* Pods_Hyperspace_Example_watchOS_Extension.framework in Frameworks */,
			);
			runOnlyForDeploymentPostprocessing = 0;
		};
		129916721FD7492D0097D618 /* Frameworks */ = {
			isa = PBXFrameworksBuildPhase;
			buildActionMask = 2147483647;
			files = (
				69F42357BB40D84FC388485E /* Pods_Hyperspace_Example_tvOS.framework in Frameworks */,
			);
			runOnlyForDeploymentPostprocessing = 0;
		};
		34E78B6886521E371176CB5F /* Frameworks */ = {
			isa = PBXFrameworksBuildPhase;
			buildActionMask = 2147483647;
			files = (
				B8540204A012E4B97195EB07 /* Pods_Hyperspace_Example_watchOS.framework in Frameworks */,
			);
			runOnlyForDeploymentPostprocessing = 0;
		};
		607FACCD1AFB9204008FA782 /* Frameworks */ = {
			isa = PBXFrameworksBuildPhase;
			buildActionMask = 2147483647;
			files = (
				7F49C9D625FF3899CA3624FD /* Pods_Hyperspace_Example.framework in Frameworks */,
			);
			runOnlyForDeploymentPostprocessing = 0;
		};
		607FACE21AFB9204008FA782 /* Frameworks */ = {
			isa = PBXFrameworksBuildPhase;
			buildActionMask = 2147483647;
			files = (
				4A92A8309339BDBA97A0C9DB /* Pods_Hyperspace_Tests.framework in Frameworks */,
			);
			runOnlyForDeploymentPostprocessing = 0;
		};
/* End PBXFrameworksBuildPhase section */

/* Begin PBXGroup section */
		129916451FD740270097D618 /* Hyperspace_Example_watchOS */ = {
			isa = PBXGroup;
			children = (
				129916461FD740270097D618 /* Interface.storyboard */,
				129916491FD740270097D618 /* Assets.xcassets */,
				1299164B1FD740270097D618 /* Info-watchOS.plist */,
			);
			path = Hyperspace_Example_watchOS;
			sourceTree = "<group>";
		};
		129916541FD740270097D618 /* Hyperspace_Example_watchOS Extension */ = {
			isa = PBXGroup;
			children = (
				129916551FD740270097D618 /* InterfaceController.swift */,
				129916571FD740280097D618 /* ExtensionDelegate.swift */,
				129916591FD740280097D618 /* NotificationController.swift */,
				1299165B1FD740280097D618 /* Assets.xcassets */,
				1299165D1FD740280097D618 /* Info-watchOSExt.plist */,
				1299165E1FD740280097D618 /* PushNotificationPayload.apns */,
			);
			path = "Hyperspace_Example_watchOS Extension";
			sourceTree = "<group>";
		};
		1299166B1FD748580097D618 /* Hyperspace_Example_Shared */ = {
			isa = PBXGroup;
			children = (
				1299166C1FD748980097D618 /* Models.swift */,
				1299166D1FD748980097D618 /* NetworkRequests.swift */,
			);
			path = Hyperspace_Example_Shared;
			sourceTree = "<group>";
		};
		129916761FD7492D0097D618 /* Hyperspace_Example_tvOS */ = {
			isa = PBXGroup;
			children = (
				129916771FD7492D0097D618 /* AppDelegate.swift */,
				129916791FD7492D0097D618 /* ViewController.swift */,
				1299167B1FD7492D0097D618 /* Main.storyboard */,
				1299167E1FD7492D0097D618 /* Assets.xcassets */,
				129916801FD7492D0097D618 /* Info.plist */,
			);
			path = Hyperspace_Example_tvOS;
			sourceTree = "<group>";
		};
		58147421FF9B55BC4CE6C9F5 /* Pods */ = {
			isa = PBXGroup;
			children = (
				BFCBD185E486F82A64F6E3E8 /* Pods-Hyperspace_Example.debug.xcconfig */,
				025F70E8BAF52CD9FA0FAB64 /* Pods-Hyperspace_Example.release.xcconfig */,
				43829F543E24D2D51E43FA6A /* Pods-Hyperspace_Example_tvOS.debug.xcconfig */,
				6CAA6D865C988A99F4CE11EC /* Pods-Hyperspace_Example_tvOS.release.xcconfig */,
				5F4D2E8339709124D8ACD03F /* Pods-Hyperspace_Example_watchOS Extension.debug.xcconfig */,
				B95DDE762423E2A2B08D96C1 /* Pods-Hyperspace_Example_watchOS Extension.release.xcconfig */,
				52F3F7B05F163983319CC867 /* Pods-Hyperspace_Tests.debug.xcconfig */,
				AF8FF7290CBE31E4F593FF86 /* Pods-Hyperspace_Tests.release.xcconfig */,
				0D01E2050B6775735C7EFABC /* Pods-Hyperspace_Example_watchOS.debug.xcconfig */,
				FBE065C33DBC0BB7FB3EF4F6 /* Pods-Hyperspace_Example_watchOS.release.xcconfig */,
			);
			name = Pods;
			sourceTree = "<group>";
		};
		607FACC71AFB9204008FA782 = {
			isa = PBXGroup;
			children = (
				607FACF51AFB993E008FA782 /* Podspec Metadata */,
				1299166B1FD748580097D618 /* Hyperspace_Example_Shared */,
				607FACD21AFB9204008FA782 /* Hyperspace_Example */,
				129916451FD740270097D618 /* Hyperspace_Example_watchOS */,
				129916541FD740270097D618 /* Hyperspace_Example_watchOS Extension */,
				129916761FD7492D0097D618 /* Hyperspace_Example_tvOS */,
				607FACE81AFB9204008FA782 /* Tests */,
				607FACD11AFB9204008FA782 /* Products */,
				58147421FF9B55BC4CE6C9F5 /* Pods */,
				FF6308C622601B4B5EC55ED4 /* Frameworks */,
			);
			sourceTree = "<group>";
		};
		607FACD11AFB9204008FA782 /* Products */ = {
			isa = PBXGroup;
			children = (
				607FACD01AFB9204008FA782 /* Hyperspace_Example.app */,
				607FACE51AFB9204008FA782 /* Hyperspace_Tests.xctest */,
				129916441FD740270097D618 /* Hyperspace_Example_watchOS.app */,
				129916501FD740270097D618 /* Hyperspace_Example_watchOS Extension.appex */,
				129916751FD7492D0097D618 /* Hyperspace_Example_tvOS.app */,
			);
			name = Products;
			sourceTree = "<group>";
		};
		607FACD21AFB9204008FA782 /* Hyperspace_Example */ = {
			isa = PBXGroup;
			children = (
				60FC6ACF1F7B0E4B00708502 /* Playground */,
				607FACD51AFB9204008FA782 /* AppDelegate.swift */,
				607FACD71AFB9204008FA782 /* ViewController.swift */,
				607FACD91AFB9204008FA782 /* Main.storyboard */,
				607FACDC1AFB9204008FA782 /* Images.xcassets */,
				607FACDE1AFB9204008FA782 /* LaunchScreen.xib */,
				607FACD31AFB9204008FA782 /* Supporting Files */,
			);
			name = Hyperspace_Example;
			path = Hyperspace;
			sourceTree = "<group>";
		};
		607FACD31AFB9204008FA782 /* Supporting Files */ = {
			isa = PBXGroup;
			children = (
				607FACD41AFB9204008FA782 /* Info.plist */,
			);
			name = "Supporting Files";
			sourceTree = "<group>";
		};
		607FACE81AFB9204008FA782 /* Tests */ = {
			isa = PBXGroup;
			children = (
				0E5CD4E21FD74DF3000E0C6F /* DecodingTests.swift */,
				60FC6ADF1F7B106D00708502 /* BackendServiceTests.swift */,
				60FC6AD81F7B0FEF00708502 /* Mocks */,
				60FC6AE11F7B107800708502 /* NetworkRequestTests.swift */,
				60FC6AE01F7B107800708502 /* NetworkServiceTests.swift */,
				60FC6ADA1F7B0FFF00708502 /* Test Defaults */,
				607FACE91AFB9204008FA782 /* Supporting Files */,
			);
			path = Tests;
			sourceTree = "<group>";
		};
		607FACE91AFB9204008FA782 /* Supporting Files */ = {
			isa = PBXGroup;
			children = (
				0E5CD4E41FD74E72000E0C6F /* RootKeyArray.json */,
				0E5CD4E51FD74E72000E0C6F /* RootKeyObject.json */,
				0E24C4661FDB4F1600448212 /* Object.json */,
				0E24C4691FDF018D00448212 /* DateObject.json */,
				607FACEA1AFB9204008FA782 /* Info.plist */,
			);
			name = "Supporting Files";
			sourceTree = "<group>";
		};
		607FACF51AFB993E008FA782 /* Podspec Metadata */ = {
			isa = PBXGroup;
			children = (
				CF8729374E53729FA99EC5CB /* Hyperspace.podspec */,
				993580CE80A2751F010C7436 /* README.md */,
				19A4286E43AC44B22158976B /* LICENSE.txt */,
			);
			name = "Podspec Metadata";
			sourceTree = "<group>";
		};
		60FC6ACF1F7B0E4B00708502 /* Playground */ = {
			isa = PBXGroup;
			children = (
				60FC6AD11F7B0EA000708502 /* Hyperspace_AnyNetworkRequest.playground */,
				60FC6AD21F7B0EA000708502 /* Hyperspace_DELETE.playground */,
				60FC6AD01F7B0EA000708502 /* Hyperspace.playground */,
			);
			path = Playground;
			sourceTree = "<group>";
		};
		60FC6AD81F7B0FEF00708502 /* Mocks */ = {
			isa = PBXGroup;
			children = (
				60FC6ADC1F7B103C00708502 /* MockNetworkService.swift */,
				60FC6ADD1F7B103C00708502 /* MockNetworkSession.swift */,
				60FC6ADB1F7B103B00708502 /* MockNetworkSessionDataTask.swift */,
				0E5CD4E81FD74E7F000E0C6F /* MockDecodableContainer.swift */,
			);
			path = Mocks;
			sourceTree = "<group>";
		};
		60FC6ADA1F7B0FFF00708502 /* Test Defaults */ = {
			isa = PBXGroup;
			children = (
				60FC6ADE1F7B104800708502 /* NetworkRequestTestDefaults.swift */,
			);
			path = "Test Defaults";
			sourceTree = "<group>";
		};
		FF6308C622601B4B5EC55ED4 /* Frameworks */ = {
			isa = PBXGroup;
			children = (
				EBF9E966E9EF74D175D64891 /* Pods_Hyperspace_Example.framework */,
				0ADA43A9698F1AA6E664F10A /* Pods_Hyperspace_Example_tvOS.framework */,
				FD3EF52617E524159DB09CB1 /* Pods_Hyperspace_Example_watchOS_Extension.framework */,
				EF5630E33342CEF08B10CCB0 /* Pods_Hyperspace_Tests.framework */,
				D0237A36E70B4CFC8F83FAAE /* Pods_Hyperspace_Example_watchOS.framework */,
			);
			name = Frameworks;
			sourceTree = "<group>";
		};
/* End PBXGroup section */

/* Begin PBXNativeTarget section */
		129916431FD740270097D618 /* Hyperspace_Example_watchOS */ = {
			isa = PBXNativeTarget;
			buildConfigurationList = 129916681FD740280097D618 /* Build configuration list for PBXNativeTarget "Hyperspace_Example_watchOS" */;
			buildPhases = (
				2B001E7B363C5713FF6804FB /* [CP] Check Pods Manifest.lock */,
				129916421FD740270097D618 /* Resources */,
				129916671FD740280097D618 /* Embed App Extensions */,
				34E78B6886521E371176CB5F /* Frameworks */,
				4CC05091A42B50942B8AF48C /* [CP] Copy Pods Resources */,
			);
			buildRules = (
			);
			dependencies = (
				129916531FD740270097D618 /* PBXTargetDependency */,
			);
			name = Hyperspace_Example_watchOS;
			productName = Hyperspace_Example_watchOS;
			productReference = 129916441FD740270097D618 /* Hyperspace_Example_watchOS.app */;
			productType = "com.apple.product-type.application.watchapp2";
		};
		1299164F1FD740270097D618 /* Hyperspace_Example_watchOS Extension */ = {
			isa = PBXNativeTarget;
			buildConfigurationList = 129916661FD740280097D618 /* Build configuration list for PBXNativeTarget "Hyperspace_Example_watchOS Extension" */;
			buildPhases = (
				EFEF9CC584FF4C0568C3599C /* [CP] Check Pods Manifest.lock */,
				1299164C1FD740270097D618 /* Sources */,
				1299164D1FD740270097D618 /* Frameworks */,
				1299164E1FD740270097D618 /* Resources */,
				7D5E764B2F18AE212CB067E1 /* [CP] Embed Pods Frameworks */,
				868EC61422E191C9E27405E7 /* [CP] Copy Pods Resources */,
			);
			buildRules = (
			);
			dependencies = (
			);
			name = "Hyperspace_Example_watchOS Extension";
			productName = "Hyperspace_Example_watchOS Extension";
			productReference = 129916501FD740270097D618 /* Hyperspace_Example_watchOS Extension.appex */;
			productType = "com.apple.product-type.watchkit2-extension";
		};
		129916741FD7492D0097D618 /* Hyperspace_Example_tvOS */ = {
			isa = PBXNativeTarget;
			buildConfigurationList = 129916811FD7492D0097D618 /* Build configuration list for PBXNativeTarget "Hyperspace_Example_tvOS" */;
			buildPhases = (
				F73A8C62FC3027201FDD477A /* [CP] Check Pods Manifest.lock */,
				129916711FD7492D0097D618 /* Sources */,
				129916721FD7492D0097D618 /* Frameworks */,
				129916731FD7492D0097D618 /* Resources */,
				08F9DB63AA3D3EE28CDD61B9 /* [CP] Embed Pods Frameworks */,
				7A82675C93C66290EA0893A0 /* [CP] Copy Pods Resources */,
			);
			buildRules = (
			);
			dependencies = (
			);
			name = Hyperspace_Example_tvOS;
			productName = Hyperspace_Example_tvOS;
			productReference = 129916751FD7492D0097D618 /* Hyperspace_Example_tvOS.app */;
			productType = "com.apple.product-type.application";
		};
		607FACCF1AFB9204008FA782 /* Hyperspace_Example */ = {
			isa = PBXNativeTarget;
			buildConfigurationList = 607FACEF1AFB9204008FA782 /* Build configuration list for PBXNativeTarget "Hyperspace_Example" */;
			buildPhases = (
				BC1FD4FB38B539609A72E3C4 /* [CP] Check Pods Manifest.lock */,
				607FACCC1AFB9204008FA782 /* Sources */,
				607FACCD1AFB9204008FA782 /* Frameworks */,
				607FACCE1AFB9204008FA782 /* Resources */,
				129916691FD740280097D618 /* Embed Watch Content */,
				608180781FDB4C95002BB9C7 /* SwiftLint */,
				EB4A7CA1D0913F17E9633709 /* [CP] Embed Pods Frameworks */,
				5C16367BB955EAF104971E2F /* [CP] Copy Pods Resources */,
			);
			buildRules = (
			);
			dependencies = (
				129916601FD740280097D618 /* PBXTargetDependency */,
			);
			name = Hyperspace_Example;
			productName = Hyperspace;
			productReference = 607FACD01AFB9204008FA782 /* Hyperspace_Example.app */;
			productType = "com.apple.product-type.application";
		};
		607FACE41AFB9204008FA782 /* Hyperspace_Tests */ = {
			isa = PBXNativeTarget;
			buildConfigurationList = 607FACF21AFB9204008FA782 /* Build configuration list for PBXNativeTarget "Hyperspace_Tests" */;
			buildPhases = (
				EC7BA12E0688176C4D352247 /* [CP] Check Pods Manifest.lock */,
				607FACE11AFB9204008FA782 /* Sources */,
				607FACE21AFB9204008FA782 /* Frameworks */,
				607FACE31AFB9204008FA782 /* Resources */,
				C2A4F252991827A5776582CE /* [CP] Embed Pods Frameworks */,
				995AE66D57F5A47B62CF6026 /* [CP] Copy Pods Resources */,
			);
			buildRules = (
			);
			dependencies = (
				607FACE71AFB9204008FA782 /* PBXTargetDependency */,
			);
			name = Hyperspace_Tests;
			productName = Tests;
			productReference = 607FACE51AFB9204008FA782 /* Hyperspace_Tests.xctest */;
			productType = "com.apple.product-type.bundle.unit-test";
		};
/* End PBXNativeTarget section */

/* Begin PBXProject section */
		607FACC81AFB9204008FA782 /* Project object */ = {
			isa = PBXProject;
			attributes = {
				LastSwiftUpdateCheck = 0920;
				LastUpgradeCheck = 0900;
				ORGANIZATIONNAME = "Bottle Rocket Studios";
				TargetAttributes = {
					129916431FD740270097D618 = {
						CreatedOnToolsVersion = 9.2;
						ProvisioningStyle = Automatic;
					};
					1299164F1FD740270097D618 = {
						CreatedOnToolsVersion = 9.2;
						ProvisioningStyle = Automatic;
					};
					129916741FD7492D0097D618 = {
						CreatedOnToolsVersion = 9.2;
						ProvisioningStyle = Automatic;
					};
					607FACCF1AFB9204008FA782 = {
						CreatedOnToolsVersion = 6.3.1;
						LastSwiftMigration = 0900;
					};
					607FACE41AFB9204008FA782 = {
						CreatedOnToolsVersion = 6.3.1;
						LastSwiftMigration = 0900;
						TestTargetID = 607FACCF1AFB9204008FA782;
					};
				};
			};
			buildConfigurationList = 607FACCB1AFB9204008FA782 /* Build configuration list for PBXProject "Hyperspace" */;
			compatibilityVersion = "Xcode 3.2";
			developmentRegion = English;
			hasScannedForEncodings = 0;
			knownRegions = (
				en,
				Base,
			);
			mainGroup = 607FACC71AFB9204008FA782;
			productRefGroup = 607FACD11AFB9204008FA782 /* Products */;
			projectDirPath = "";
			projectRoot = "";
			targets = (
				607FACCF1AFB9204008FA782 /* Hyperspace_Example */,
				129916431FD740270097D618 /* Hyperspace_Example_watchOS */,
				1299164F1FD740270097D618 /* Hyperspace_Example_watchOS Extension */,
				129916741FD7492D0097D618 /* Hyperspace_Example_tvOS */,
				607FACE41AFB9204008FA782 /* Hyperspace_Tests */,
			);
		};
/* End PBXProject section */

/* Begin PBXResourcesBuildPhase section */
		129916421FD740270097D618 /* Resources */ = {
			isa = PBXResourcesBuildPhase;
			buildActionMask = 2147483647;
			files = (
				1299164A1FD740270097D618 /* Assets.xcassets in Resources */,
				129916481FD740270097D618 /* Interface.storyboard in Resources */,
			);
			runOnlyForDeploymentPostprocessing = 0;
		};
		1299164E1FD740270097D618 /* Resources */ = {
			isa = PBXResourcesBuildPhase;
			buildActionMask = 2147483647;
			files = (
				1299165C1FD740280097D618 /* Assets.xcassets in Resources */,
			);
			runOnlyForDeploymentPostprocessing = 0;
		};
		129916731FD7492D0097D618 /* Resources */ = {
			isa = PBXResourcesBuildPhase;
			buildActionMask = 2147483647;
			files = (
				1299167F1FD7492D0097D618 /* Assets.xcassets in Resources */,
				1299167D1FD7492D0097D618 /* Main.storyboard in Resources */,
			);
			runOnlyForDeploymentPostprocessing = 0;
		};
		607FACCE1AFB9204008FA782 /* Resources */ = {
			isa = PBXResourcesBuildPhase;
			buildActionMask = 2147483647;
			files = (
				0E24C46A1FDF018D00448212 /* DateObject.json in Resources */,
				607FACDB1AFB9204008FA782 /* Main.storyboard in Resources */,
				607FACE01AFB9204008FA782 /* LaunchScreen.xib in Resources */,
				607FACDD1AFB9204008FA782 /* Images.xcassets in Resources */,
			);
			runOnlyForDeploymentPostprocessing = 0;
		};
		607FACE31AFB9204008FA782 /* Resources */ = {
			isa = PBXResourcesBuildPhase;
			buildActionMask = 2147483647;
			files = (
				0E24C46B1FDF018D00448212 /* DateObject.json in Resources */,
				0E24C4681FDF010100448212 /* Object.json in Resources */,
				0E5CD4E71FD74E72000E0C6F /* RootKeyObject.json in Resources */,
				0E5CD4E61FD74E72000E0C6F /* RootKeyArray.json in Resources */,
			);
			runOnlyForDeploymentPostprocessing = 0;
		};
/* End PBXResourcesBuildPhase section */

/* Begin PBXShellScriptBuildPhase section */
		08F9DB63AA3D3EE28CDD61B9 /* [CP] Embed Pods Frameworks */ = {
			isa = PBXShellScriptBuildPhase;
			buildActionMask = 2147483647;
			files = (
			);
			inputPaths = (
				"${SRCROOT}/Pods/Target Support Files/Pods-Hyperspace_Example_tvOS/Pods-Hyperspace_Example_tvOS-frameworks.sh",
				"${BUILT_PRODUCTS_DIR}/Hyperspace-tvOS/Hyperspace.framework",
				"${BUILT_PRODUCTS_DIR}/Result-tvOS/Result.framework",
			);
			name = "[CP] Embed Pods Frameworks";
			outputPaths = (
				"${TARGET_BUILD_DIR}/${FRAMEWORKS_FOLDER_PATH}/Hyperspace.framework",
				"${TARGET_BUILD_DIR}/${FRAMEWORKS_FOLDER_PATH}/Result.framework",
			);
			runOnlyForDeploymentPostprocessing = 0;
			shellPath = /bin/sh;
			shellScript = "\"${SRCROOT}/Pods/Target Support Files/Pods-Hyperspace_Example_tvOS/Pods-Hyperspace_Example_tvOS-frameworks.sh\"\n";
			showEnvVarsInLog = 0;
		};
		2B001E7B363C5713FF6804FB /* [CP] Check Pods Manifest.lock */ = {
			isa = PBXShellScriptBuildPhase;
			buildActionMask = 2147483647;
			files = (
			);
			inputPaths = (
				"${PODS_PODFILE_DIR_PATH}/Podfile.lock",
				"${PODS_ROOT}/Manifest.lock",
			);
			name = "[CP] Check Pods Manifest.lock";
			outputPaths = (
				"$(DERIVED_FILE_DIR)/Pods-Hyperspace_Example_watchOS-checkManifestLockResult.txt",
			);
			runOnlyForDeploymentPostprocessing = 0;
			shellPath = /bin/sh;
			shellScript = "diff \"${PODS_PODFILE_DIR_PATH}/Podfile.lock\" \"${PODS_ROOT}/Manifest.lock\" > /dev/null\nif [ $? != 0 ] ; then\n    # print error to STDERR\n    echo \"error: The sandbox is not in sync with the Podfile.lock. Run 'pod install' or update your CocoaPods installation.\" >&2\n    exit 1\nfi\n# This output is used by Xcode 'outputs' to avoid re-running this script phase.\necho \"SUCCESS\" > \"${SCRIPT_OUTPUT_FILE_0}\"\n";
			showEnvVarsInLog = 0;
		};
		4CC05091A42B50942B8AF48C /* [CP] Copy Pods Resources */ = {
			isa = PBXShellScriptBuildPhase;
			buildActionMask = 2147483647;
			files = (
			);
			inputPaths = (
			);
			name = "[CP] Copy Pods Resources";
			outputPaths = (
			);
			runOnlyForDeploymentPostprocessing = 0;
			shellPath = /bin/sh;
			shellScript = "\"${SRCROOT}/Pods/Target Support Files/Pods-Hyperspace_Example_watchOS/Pods-Hyperspace_Example_watchOS-resources.sh\"\n";
			showEnvVarsInLog = 0;
		};
		5C16367BB955EAF104971E2F /* [CP] Copy Pods Resources */ = {
			isa = PBXShellScriptBuildPhase;
			buildActionMask = 2147483647;
			files = (
			);
			inputPaths = (
			);
			name = "[CP] Copy Pods Resources";
			outputPaths = (
			);
			runOnlyForDeploymentPostprocessing = 0;
			shellPath = /bin/sh;
			shellScript = "\"${SRCROOT}/Pods/Target Support Files/Pods-Hyperspace_Example/Pods-Hyperspace_Example-resources.sh\"\n";
			showEnvVarsInLog = 0;
		};
		608180781FDB4C95002BB9C7 /* SwiftLint */ = {
			isa = PBXShellScriptBuildPhase;
			buildActionMask = 2147483647;
			files = (
			);
			inputPaths = (
			);
			name = SwiftLint;
			outputPaths = (
			);
			runOnlyForDeploymentPostprocessing = 0;
			shellPath = /bin/sh;
			shellScript = "\"${PODS_ROOT}/SwiftLint/swiftlint\"\n";
		};
		7A82675C93C66290EA0893A0 /* [CP] Copy Pods Resources */ = {
			isa = PBXShellScriptBuildPhase;
			buildActionMask = 2147483647;
			files = (
			);
			inputPaths = (
			);
			name = "[CP] Copy Pods Resources";
			outputPaths = (
			);
			runOnlyForDeploymentPostprocessing = 0;
			shellPath = /bin/sh;
			shellScript = "\"${SRCROOT}/Pods/Target Support Files/Pods-Hyperspace_Example_tvOS/Pods-Hyperspace_Example_tvOS-resources.sh\"\n";
			showEnvVarsInLog = 0;
		};
		7D5E764B2F18AE212CB067E1 /* [CP] Embed Pods Frameworks */ = {
			isa = PBXShellScriptBuildPhase;
			buildActionMask = 2147483647;
			files = (
			);
			inputPaths = (
				"${SRCROOT}/Pods/Target Support Files/Pods-Hyperspace_Example_watchOS Extension/Pods-Hyperspace_Example_watchOS Extension-frameworks.sh",
				"${BUILT_PRODUCTS_DIR}/Hyperspace-watchOS/Hyperspace.framework",
				"${BUILT_PRODUCTS_DIR}/Result-watchOS/Result.framework",
			);
			name = "[CP] Embed Pods Frameworks";
			outputPaths = (
				"${TARGET_BUILD_DIR}/${FRAMEWORKS_FOLDER_PATH}/Hyperspace.framework",
				"${TARGET_BUILD_DIR}/${FRAMEWORKS_FOLDER_PATH}/Result.framework",
			);
			runOnlyForDeploymentPostprocessing = 0;
			shellPath = /bin/sh;
			shellScript = "\"${SRCROOT}/Pods/Target Support Files/Pods-Hyperspace_Example_watchOS Extension/Pods-Hyperspace_Example_watchOS Extension-frameworks.sh\"\n";
			showEnvVarsInLog = 0;
		};
		868EC61422E191C9E27405E7 /* [CP] Copy Pods Resources */ = {
			isa = PBXShellScriptBuildPhase;
			buildActionMask = 2147483647;
			files = (
			);
			inputPaths = (
			);
			name = "[CP] Copy Pods Resources";
			outputPaths = (
			);
			runOnlyForDeploymentPostprocessing = 0;
			shellPath = /bin/sh;
			shellScript = "\"${SRCROOT}/Pods/Target Support Files/Pods-Hyperspace_Example_watchOS Extension/Pods-Hyperspace_Example_watchOS Extension-resources.sh\"\n";
			showEnvVarsInLog = 0;
		};
		995AE66D57F5A47B62CF6026 /* [CP] Copy Pods Resources */ = {
			isa = PBXShellScriptBuildPhase;
			buildActionMask = 2147483647;
			files = (
			);
			inputPaths = (
			);
			name = "[CP] Copy Pods Resources";
			outputPaths = (
			);
			runOnlyForDeploymentPostprocessing = 0;
			shellPath = /bin/sh;
			shellScript = "\"${SRCROOT}/Pods/Target Support Files/Pods-Hyperspace_Tests/Pods-Hyperspace_Tests-resources.sh\"\n";
			showEnvVarsInLog = 0;
		};
		BC1FD4FB38B539609A72E3C4 /* [CP] Check Pods Manifest.lock */ = {
			isa = PBXShellScriptBuildPhase;
			buildActionMask = 2147483647;
			files = (
			);
			inputPaths = (
				"${PODS_PODFILE_DIR_PATH}/Podfile.lock",
				"${PODS_ROOT}/Manifest.lock",
			);
			name = "[CP] Check Pods Manifest.lock";
			outputPaths = (
				"$(DERIVED_FILE_DIR)/Pods-Hyperspace_Example-checkManifestLockResult.txt",
			);
			runOnlyForDeploymentPostprocessing = 0;
			shellPath = /bin/sh;
			shellScript = "diff \"${PODS_PODFILE_DIR_PATH}/Podfile.lock\" \"${PODS_ROOT}/Manifest.lock\" > /dev/null\nif [ $? != 0 ] ; then\n    # print error to STDERR\n    echo \"error: The sandbox is not in sync with the Podfile.lock. Run 'pod install' or update your CocoaPods installation.\" >&2\n    exit 1\nfi\n# This output is used by Xcode 'outputs' to avoid re-running this script phase.\necho \"SUCCESS\" > \"${SCRIPT_OUTPUT_FILE_0}\"\n";
			showEnvVarsInLog = 0;
		};
		C2A4F252991827A5776582CE /* [CP] Embed Pods Frameworks */ = {
			isa = PBXShellScriptBuildPhase;
			buildActionMask = 2147483647;
			files = (
			);
			inputPaths = (
				"${SRCROOT}/Pods/Target Support Files/Pods-Hyperspace_Tests/Pods-Hyperspace_Tests-frameworks.sh",
				"${BUILT_PRODUCTS_DIR}/Hyperspace-iOS/Hyperspace.framework",
				"${BUILT_PRODUCTS_DIR}/Result-iOS/Result.framework",
			);
			name = "[CP] Embed Pods Frameworks";
			outputPaths = (
				"${TARGET_BUILD_DIR}/${FRAMEWORKS_FOLDER_PATH}/Hyperspace.framework",
				"${TARGET_BUILD_DIR}/${FRAMEWORKS_FOLDER_PATH}/Result.framework",
			);
			runOnlyForDeploymentPostprocessing = 0;
			shellPath = /bin/sh;
			shellScript = "\"${SRCROOT}/Pods/Target Support Files/Pods-Hyperspace_Tests/Pods-Hyperspace_Tests-frameworks.sh\"\n";
			showEnvVarsInLog = 0;
		};
		EB4A7CA1D0913F17E9633709 /* [CP] Embed Pods Frameworks */ = {
			isa = PBXShellScriptBuildPhase;
			buildActionMask = 2147483647;
			files = (
			);
			inputPaths = (
				"${SRCROOT}/Pods/Target Support Files/Pods-Hyperspace_Example/Pods-Hyperspace_Example-frameworks.sh",
				"${BUILT_PRODUCTS_DIR}/Hyperspace-iOS/Hyperspace.framework",
				"${BUILT_PRODUCTS_DIR}/Result-iOS/Result.framework",
			);
			name = "[CP] Embed Pods Frameworks";
			outputPaths = (
				"${TARGET_BUILD_DIR}/${FRAMEWORKS_FOLDER_PATH}/Hyperspace.framework",
				"${TARGET_BUILD_DIR}/${FRAMEWORKS_FOLDER_PATH}/Result.framework",
			);
			runOnlyForDeploymentPostprocessing = 0;
			shellPath = /bin/sh;
			shellScript = "\"${SRCROOT}/Pods/Target Support Files/Pods-Hyperspace_Example/Pods-Hyperspace_Example-frameworks.sh\"\n";
			showEnvVarsInLog = 0;
		};
		EC7BA12E0688176C4D352247 /* [CP] Check Pods Manifest.lock */ = {
			isa = PBXShellScriptBuildPhase;
			buildActionMask = 2147483647;
			files = (
			);
			inputPaths = (
				"${PODS_PODFILE_DIR_PATH}/Podfile.lock",
				"${PODS_ROOT}/Manifest.lock",
			);
			name = "[CP] Check Pods Manifest.lock";
			outputPaths = (
				"$(DERIVED_FILE_DIR)/Pods-Hyperspace_Tests-checkManifestLockResult.txt",
			);
			runOnlyForDeploymentPostprocessing = 0;
			shellPath = /bin/sh;
			shellScript = "diff \"${PODS_PODFILE_DIR_PATH}/Podfile.lock\" \"${PODS_ROOT}/Manifest.lock\" > /dev/null\nif [ $? != 0 ] ; then\n    # print error to STDERR\n    echo \"error: The sandbox is not in sync with the Podfile.lock. Run 'pod install' or update your CocoaPods installation.\" >&2\n    exit 1\nfi\n# This output is used by Xcode 'outputs' to avoid re-running this script phase.\necho \"SUCCESS\" > \"${SCRIPT_OUTPUT_FILE_0}\"\n";
			showEnvVarsInLog = 0;
		};
		EFEF9CC584FF4C0568C3599C /* [CP] Check Pods Manifest.lock */ = {
			isa = PBXShellScriptBuildPhase;
			buildActionMask = 2147483647;
			files = (
			);
			inputPaths = (
				"${PODS_PODFILE_DIR_PATH}/Podfile.lock",
				"${PODS_ROOT}/Manifest.lock",
			);
			name = "[CP] Check Pods Manifest.lock";
			outputPaths = (
				"$(DERIVED_FILE_DIR)/Pods-Hyperspace_Example_watchOS Extension-checkManifestLockResult.txt",
			);
			runOnlyForDeploymentPostprocessing = 0;
			shellPath = /bin/sh;
			shellScript = "diff \"${PODS_PODFILE_DIR_PATH}/Podfile.lock\" \"${PODS_ROOT}/Manifest.lock\" > /dev/null\nif [ $? != 0 ] ; then\n    # print error to STDERR\n    echo \"error: The sandbox is not in sync with the Podfile.lock. Run 'pod install' or update your CocoaPods installation.\" >&2\n    exit 1\nfi\n# This output is used by Xcode 'outputs' to avoid re-running this script phase.\necho \"SUCCESS\" > \"${SCRIPT_OUTPUT_FILE_0}\"\n";
			showEnvVarsInLog = 0;
		};
		F73A8C62FC3027201FDD477A /* [CP] Check Pods Manifest.lock */ = {
			isa = PBXShellScriptBuildPhase;
			buildActionMask = 2147483647;
			files = (
			);
			inputPaths = (
				"${PODS_PODFILE_DIR_PATH}/Podfile.lock",
				"${PODS_ROOT}/Manifest.lock",
			);
			name = "[CP] Check Pods Manifest.lock";
			outputPaths = (
				"$(DERIVED_FILE_DIR)/Pods-Hyperspace_Example_tvOS-checkManifestLockResult.txt",
			);
			runOnlyForDeploymentPostprocessing = 0;
			shellPath = /bin/sh;
			shellScript = "diff \"${PODS_PODFILE_DIR_PATH}/Podfile.lock\" \"${PODS_ROOT}/Manifest.lock\" > /dev/null\nif [ $? != 0 ] ; then\n    # print error to STDERR\n    echo \"error: The sandbox is not in sync with the Podfile.lock. Run 'pod install' or update your CocoaPods installation.\" >&2\n    exit 1\nfi\n# This output is used by Xcode 'outputs' to avoid re-running this script phase.\necho \"SUCCESS\" > \"${SCRIPT_OUTPUT_FILE_0}\"\n";
			showEnvVarsInLog = 0;
		};
/* End PBXShellScriptBuildPhase section */

/* Begin PBXSourcesBuildPhase section */
		1299164C1FD740270097D618 /* Sources */ = {
			isa = PBXSourcesBuildPhase;
			buildActionMask = 2147483647;
			files = (
				1299165A1FD740280097D618 /* NotificationController.swift in Sources */,
				129916581FD740280097D618 /* ExtensionDelegate.swift in Sources */,
				129916701FD7489C0097D618 /* NetworkRequests.swift in Sources */,
				129916561FD740270097D618 /* InterfaceController.swift in Sources */,
				129916861FD749800097D618 /* Models.swift in Sources */,
			);
			runOnlyForDeploymentPostprocessing = 0;
		};
		129916711FD7492D0097D618 /* Sources */ = {
			isa = PBXSourcesBuildPhase;
			buildActionMask = 2147483647;
			files = (
				129916841FD7497D0097D618 /* Models.swift in Sources */,
				1299167A1FD7492D0097D618 /* ViewController.swift in Sources */,
				129916851FD7497D0097D618 /* NetworkRequests.swift in Sources */,
				129916781FD7492D0097D618 /* AppDelegate.swift in Sources */,
			);
			runOnlyForDeploymentPostprocessing = 0;
		};
		607FACCC1AFB9204008FA782 /* Sources */ = {
			isa = PBXSourcesBuildPhase;
			buildActionMask = 2147483647;
			files = (
				1299166E1FD748980097D618 /* Models.swift in Sources */,
				607FACD81AFB9204008FA782 /* ViewController.swift in Sources */,
				1299166F1FD748980097D618 /* NetworkRequests.swift in Sources */,
				607FACD61AFB9204008FA782 /* AppDelegate.swift in Sources */,
			);
			runOnlyForDeploymentPostprocessing = 0;
		};
		607FACE11AFB9204008FA782 /* Sources */ = {
			isa = PBXSourcesBuildPhase;
			buildActionMask = 2147483647;
			files = (
				60FC6AE51F7B17C600708502 /* MockNetworkSessionDataTask.swift in Sources */,
				60FC6AE31F7B17BE00708502 /* MockNetworkService.swift in Sources */,
				60FC6AE41F7B17C300708502 /* MockNetworkSession.swift in Sources */,
				60FC6AE21F7B17B600708502 /* BackendServiceTests.swift in Sources */,
				0E5CD4EA1FD74F3D000E0C6F /* DecodingTests.swift in Sources */,
				60FC6AE71F7B17D000708502 /* NetworkServiceTests.swift in Sources */,
				60FC6AE61F7B17CD00708502 /* NetworkRequestTests.swift in Sources */,
				60FC6AE81F7B17D600708502 /* NetworkRequestTestDefaults.swift in Sources */,
				0E5CD4E91FD74E7F000E0C6F /* MockDecodableContainer.swift in Sources */,
			);
			runOnlyForDeploymentPostprocessing = 0;
		};
/* End PBXSourcesBuildPhase section */

/* Begin PBXTargetDependency section */
		129916531FD740270097D618 /* PBXTargetDependency */ = {
			isa = PBXTargetDependency;
			target = 1299164F1FD740270097D618 /* Hyperspace_Example_watchOS Extension */;
			targetProxy = 129916521FD740270097D618 /* PBXContainerItemProxy */;
		};
		129916601FD740280097D618 /* PBXTargetDependency */ = {
			isa = PBXTargetDependency;
			target = 129916431FD740270097D618 /* Hyperspace_Example_watchOS */;
			targetProxy = 1299165F1FD740280097D618 /* PBXContainerItemProxy */;
		};
		607FACE71AFB9204008FA782 /* PBXTargetDependency */ = {
			isa = PBXTargetDependency;
			target = 607FACCF1AFB9204008FA782 /* Hyperspace_Example */;
			targetProxy = 607FACE61AFB9204008FA782 /* PBXContainerItemProxy */;
		};
/* End PBXTargetDependency section */

/* Begin PBXVariantGroup section */
		129916461FD740270097D618 /* Interface.storyboard */ = {
			isa = PBXVariantGroup;
			children = (
				129916471FD740270097D618 /* Base */,
			);
			name = Interface.storyboard;
			sourceTree = "<group>";
		};
		1299167B1FD7492D0097D618 /* Main.storyboard */ = {
			isa = PBXVariantGroup;
			children = (
				1299167C1FD7492D0097D618 /* Base */,
			);
			name = Main.storyboard;
			sourceTree = "<group>";
		};
		607FACD91AFB9204008FA782 /* Main.storyboard */ = {
			isa = PBXVariantGroup;
			children = (
				607FACDA1AFB9204008FA782 /* Base */,
			);
			name = Main.storyboard;
			sourceTree = "<group>";
		};
		607FACDE1AFB9204008FA782 /* LaunchScreen.xib */ = {
			isa = PBXVariantGroup;
			children = (
				607FACDF1AFB9204008FA782 /* Base */,
			);
			name = LaunchScreen.xib;
			sourceTree = "<group>";
		};
/* End PBXVariantGroup section */

/* Begin XCBuildConfiguration section */
		129916621FD740280097D618 /* Debug */ = {
			isa = XCBuildConfiguration;
			baseConfigurationReference = 0D01E2050B6775735C7EFABC /* Pods-Hyperspace_Example_watchOS.debug.xcconfig */;
			buildSettings = {
				ASSETCATALOG_COMPILER_APPICON_NAME = AppIcon;
				CLANG_ANALYZER_NONNULL = YES;
				CLANG_ANALYZER_NUMBER_OBJECT_CONVERSION = YES_AGGRESSIVE;
				CLANG_CXX_LANGUAGE_STANDARD = "gnu++14";
				CLANG_WARN_DOCUMENTATION_COMMENTS = YES;
				CLANG_WARN_UNGUARDED_AVAILABILITY = YES_AGGRESSIVE;
				CODE_SIGN_STYLE = Automatic;
				DEBUG_INFORMATION_FORMAT = dwarf;
				GCC_C_LANGUAGE_STANDARD = gnu11;
				IBSC_MODULE = Hyperspace_Example_watchOS_Extension;
				INFOPLIST_FILE = "Hyperspace_Example_watchOS/Info-watchOS.plist";
				PRODUCT_BUNDLE_IDENTIFIER = "org.cocoapods.demo.Hyperspace-Example.watchkitapp";
				PRODUCT_NAME = "$(TARGET_NAME)";
				SDKROOT = watchos;
				SKIP_INSTALL = YES;
				SWIFT_ACTIVE_COMPILATION_CONDITIONS = DEBUG;
				SWIFT_VERSION = 4.0;
				TARGETED_DEVICE_FAMILY = 4;
			};
			name = Debug;
		};
		129916631FD740280097D618 /* Release */ = {
			isa = XCBuildConfiguration;
			baseConfigurationReference = FBE065C33DBC0BB7FB3EF4F6 /* Pods-Hyperspace_Example_watchOS.release.xcconfig */;
			buildSettings = {
				ASSETCATALOG_COMPILER_APPICON_NAME = AppIcon;
				CLANG_ANALYZER_NONNULL = YES;
				CLANG_ANALYZER_NUMBER_OBJECT_CONVERSION = YES_AGGRESSIVE;
				CLANG_CXX_LANGUAGE_STANDARD = "gnu++14";
				CLANG_WARN_DOCUMENTATION_COMMENTS = YES;
				CLANG_WARN_UNGUARDED_AVAILABILITY = YES_AGGRESSIVE;
				CODE_SIGN_STYLE = Automatic;
				GCC_C_LANGUAGE_STANDARD = gnu11;
				IBSC_MODULE = Hyperspace_Example_watchOS_Extension;
				INFOPLIST_FILE = "Hyperspace_Example_watchOS/Info-watchOS.plist";
				PRODUCT_BUNDLE_IDENTIFIER = "org.cocoapods.demo.Hyperspace-Example.watchkitapp";
				PRODUCT_NAME = "$(TARGET_NAME)";
				SDKROOT = watchos;
				SKIP_INSTALL = YES;
				SWIFT_VERSION = 4.0;
				TARGETED_DEVICE_FAMILY = 4;
			};
			name = Release;
		};
		129916641FD740280097D618 /* Debug */ = {
			isa = XCBuildConfiguration;
			baseConfigurationReference = 5F4D2E8339709124D8ACD03F /* Pods-Hyperspace_Example_watchOS Extension.debug.xcconfig */;
			buildSettings = {
				ASSETCATALOG_COMPILER_COMPLICATION_NAME = Complication;
				CLANG_ANALYZER_NONNULL = YES;
				CLANG_ANALYZER_NUMBER_OBJECT_CONVERSION = YES_AGGRESSIVE;
				CLANG_CXX_LANGUAGE_STANDARD = "gnu++14";
				CLANG_WARN_DOCUMENTATION_COMMENTS = YES;
				CLANG_WARN_UNGUARDED_AVAILABILITY = YES_AGGRESSIVE;
				CODE_SIGN_STYLE = Automatic;
				DEBUG_INFORMATION_FORMAT = dwarf;
				GCC_C_LANGUAGE_STANDARD = gnu11;
				INFOPLIST_FILE = "Hyperspace_Example_watchOS Extension/Info-watchOSExt.plist";
				LD_RUNPATH_SEARCH_PATHS = "$(inherited) @executable_path/Frameworks @executable_path/../../Frameworks";
				PRODUCT_BUNDLE_IDENTIFIER = "org.cocoapods.demo.Hyperspace-Example.watchkitapp.watchkitextension";
				PRODUCT_NAME = "${TARGET_NAME}";
				SDKROOT = watchos;
				SKIP_INSTALL = YES;
				SWIFT_ACTIVE_COMPILATION_CONDITIONS = DEBUG;
				SWIFT_VERSION = 4.0;
				TARGETED_DEVICE_FAMILY = 4;
			};
			name = Debug;
		};
		129916651FD740280097D618 /* Release */ = {
			isa = XCBuildConfiguration;
			baseConfigurationReference = B95DDE762423E2A2B08D96C1 /* Pods-Hyperspace_Example_watchOS Extension.release.xcconfig */;
			buildSettings = {
				ASSETCATALOG_COMPILER_COMPLICATION_NAME = Complication;
				CLANG_ANALYZER_NONNULL = YES;
				CLANG_ANALYZER_NUMBER_OBJECT_CONVERSION = YES_AGGRESSIVE;
				CLANG_CXX_LANGUAGE_STANDARD = "gnu++14";
				CLANG_WARN_DOCUMENTATION_COMMENTS = YES;
				CLANG_WARN_UNGUARDED_AVAILABILITY = YES_AGGRESSIVE;
				CODE_SIGN_STYLE = Automatic;
				GCC_C_LANGUAGE_STANDARD = gnu11;
				INFOPLIST_FILE = "Hyperspace_Example_watchOS Extension/Info-watchOSExt.plist";
				LD_RUNPATH_SEARCH_PATHS = "$(inherited) @executable_path/Frameworks @executable_path/../../Frameworks";
				PRODUCT_BUNDLE_IDENTIFIER = "org.cocoapods.demo.Hyperspace-Example.watchkitapp.watchkitextension";
				PRODUCT_NAME = "${TARGET_NAME}";
				SDKROOT = watchos;
				SKIP_INSTALL = YES;
				SWIFT_VERSION = 4.0;
				TARGETED_DEVICE_FAMILY = 4;
			};
			name = Release;
		};
		129916821FD7492D0097D618 /* Debug */ = {
			isa = XCBuildConfiguration;
			baseConfigurationReference = 43829F543E24D2D51E43FA6A /* Pods-Hyperspace_Example_tvOS.debug.xcconfig */;
			buildSettings = {
				ASSETCATALOG_COMPILER_APPICON_NAME = "App Icon & Top Shelf Image";
				ASSETCATALOG_COMPILER_LAUNCHIMAGE_NAME = LaunchImage;
				CLANG_ANALYZER_NONNULL = YES;
				CLANG_ANALYZER_NUMBER_OBJECT_CONVERSION = YES_AGGRESSIVE;
				CLANG_CXX_LANGUAGE_STANDARD = "gnu++14";
				CLANG_WARN_DOCUMENTATION_COMMENTS = YES;
				CLANG_WARN_UNGUARDED_AVAILABILITY = YES_AGGRESSIVE;
				CODE_SIGN_STYLE = Automatic;
				DEBUG_INFORMATION_FORMAT = dwarf;
				GCC_C_LANGUAGE_STANDARD = gnu11;
				INFOPLIST_FILE = Hyperspace_Example_tvOS/Info.plist;
				LD_RUNPATH_SEARCH_PATHS = "$(inherited) @executable_path/Frameworks";
				PRODUCT_BUNDLE_IDENTIFIER = "com.bottlerocketstudios.Hyperspace-Example-tvOS";
				PRODUCT_NAME = "$(TARGET_NAME)";
				SDKROOT = appletvos;
				SWIFT_ACTIVE_COMPILATION_CONDITIONS = DEBUG;
				SWIFT_VERSION = 4.0;
				TARGETED_DEVICE_FAMILY = 3;
			};
			name = Debug;
		};
		129916831FD7492D0097D618 /* Release */ = {
			isa = XCBuildConfiguration;
			baseConfigurationReference = 6CAA6D865C988A99F4CE11EC /* Pods-Hyperspace_Example_tvOS.release.xcconfig */;
			buildSettings = {
				ASSETCATALOG_COMPILER_APPICON_NAME = "App Icon & Top Shelf Image";
				ASSETCATALOG_COMPILER_LAUNCHIMAGE_NAME = LaunchImage;
				CLANG_ANALYZER_NONNULL = YES;
				CLANG_ANALYZER_NUMBER_OBJECT_CONVERSION = YES_AGGRESSIVE;
				CLANG_CXX_LANGUAGE_STANDARD = "gnu++14";
				CLANG_WARN_DOCUMENTATION_COMMENTS = YES;
				CLANG_WARN_UNGUARDED_AVAILABILITY = YES_AGGRESSIVE;
				CODE_SIGN_STYLE = Automatic;
				GCC_C_LANGUAGE_STANDARD = gnu11;
				INFOPLIST_FILE = Hyperspace_Example_tvOS/Info.plist;
				LD_RUNPATH_SEARCH_PATHS = "$(inherited) @executable_path/Frameworks";
				PRODUCT_BUNDLE_IDENTIFIER = "com.bottlerocketstudios.Hyperspace-Example-tvOS";
				PRODUCT_NAME = "$(TARGET_NAME)";
				SDKROOT = appletvos;
				SWIFT_VERSION = 4.0;
				TARGETED_DEVICE_FAMILY = 3;
			};
			name = Release;
		};
		607FACED1AFB9204008FA782 /* Debug */ = {
			isa = XCBuildConfiguration;
			buildSettings = {
				ALWAYS_SEARCH_USER_PATHS = NO;
				CLANG_CXX_LANGUAGE_STANDARD = "gnu++0x";
				CLANG_CXX_LIBRARY = "libc++";
				CLANG_ENABLE_MODULES = YES;
				CLANG_ENABLE_OBJC_ARC = YES;
				CLANG_WARN_BLOCK_CAPTURE_AUTORELEASING = YES;
				CLANG_WARN_BOOL_CONVERSION = YES;
				CLANG_WARN_COMMA = YES;
				CLANG_WARN_CONSTANT_CONVERSION = YES;
				CLANG_WARN_DIRECT_OBJC_ISA_USAGE = YES_ERROR;
				CLANG_WARN_EMPTY_BODY = YES;
				CLANG_WARN_ENUM_CONVERSION = YES;
				CLANG_WARN_INFINITE_RECURSION = YES;
				CLANG_WARN_INT_CONVERSION = YES;
				CLANG_WARN_NON_LITERAL_NULL_CONVERSION = YES;
				CLANG_WARN_OBJC_LITERAL_CONVERSION = YES;
				CLANG_WARN_OBJC_ROOT_CLASS = YES_ERROR;
				CLANG_WARN_RANGE_LOOP_ANALYSIS = YES;
				CLANG_WARN_STRICT_PROTOTYPES = YES;
				CLANG_WARN_SUSPICIOUS_MOVE = YES;
				CLANG_WARN_UNREACHABLE_CODE = YES;
				CLANG_WARN__DUPLICATE_METHOD_MATCH = YES;
				"CODE_SIGN_IDENTITY[sdk=iphoneos*]" = "iPhone Developer";
				COPY_PHASE_STRIP = NO;
				DEBUG_INFORMATION_FORMAT = "dwarf-with-dsym";
				ENABLE_STRICT_OBJC_MSGSEND = YES;
				ENABLE_TESTABILITY = YES;
				GCC_C_LANGUAGE_STANDARD = gnu99;
				GCC_DYNAMIC_NO_PIC = NO;
				GCC_NO_COMMON_BLOCKS = YES;
				GCC_OPTIMIZATION_LEVEL = 0;
				GCC_PREPROCESSOR_DEFINITIONS = (
					"DEBUG=1",
					"$(inherited)",
				);
				GCC_SYMBOLS_PRIVATE_EXTERN = NO;
				GCC_WARN_64_TO_32_BIT_CONVERSION = YES;
				GCC_WARN_ABOUT_RETURN_TYPE = YES_ERROR;
				GCC_WARN_UNDECLARED_SELECTOR = YES;
				GCC_WARN_UNINITIALIZED_AUTOS = YES_AGGRESSIVE;
				GCC_WARN_UNUSED_FUNCTION = YES;
				GCC_WARN_UNUSED_VARIABLE = YES;
				IPHONEOS_DEPLOYMENT_TARGET = 11.0;
				MTL_ENABLE_DEBUG_INFO = YES;
				ONLY_ACTIVE_ARCH = YES;
				SDKROOT = iphoneos;
				SWIFT_OPTIMIZATION_LEVEL = "-Onone";
				SWIFT_VERSION = 4.0;
			};
			name = Debug;
		};
		607FACEE1AFB9204008FA782 /* Release */ = {
			isa = XCBuildConfiguration;
			buildSettings = {
				ALWAYS_SEARCH_USER_PATHS = NO;
				CLANG_CXX_LANGUAGE_STANDARD = "gnu++0x";
				CLANG_CXX_LIBRARY = "libc++";
				CLANG_ENABLE_MODULES = YES;
				CLANG_ENABLE_OBJC_ARC = YES;
				CLANG_WARN_BLOCK_CAPTURE_AUTORELEASING = YES;
				CLANG_WARN_BOOL_CONVERSION = YES;
				CLANG_WARN_COMMA = YES;
				CLANG_WARN_CONSTANT_CONVERSION = YES;
				CLANG_WARN_DIRECT_OBJC_ISA_USAGE = YES_ERROR;
				CLANG_WARN_EMPTY_BODY = YES;
				CLANG_WARN_ENUM_CONVERSION = YES;
				CLANG_WARN_INFINITE_RECURSION = YES;
				CLANG_WARN_INT_CONVERSION = YES;
				CLANG_WARN_NON_LITERAL_NULL_CONVERSION = YES;
				CLANG_WARN_OBJC_LITERAL_CONVERSION = YES;
				CLANG_WARN_OBJC_ROOT_CLASS = YES_ERROR;
				CLANG_WARN_RANGE_LOOP_ANALYSIS = YES;
				CLANG_WARN_STRICT_PROTOTYPES = YES;
				CLANG_WARN_SUSPICIOUS_MOVE = YES;
				CLANG_WARN_UNREACHABLE_CODE = YES;
				CLANG_WARN__DUPLICATE_METHOD_MATCH = YES;
				"CODE_SIGN_IDENTITY[sdk=iphoneos*]" = "iPhone Developer";
				COPY_PHASE_STRIP = NO;
				DEBUG_INFORMATION_FORMAT = "dwarf-with-dsym";
				ENABLE_NS_ASSERTIONS = NO;
				ENABLE_STRICT_OBJC_MSGSEND = YES;
				GCC_C_LANGUAGE_STANDARD = gnu99;
				GCC_NO_COMMON_BLOCKS = YES;
				GCC_WARN_64_TO_32_BIT_CONVERSION = YES;
				GCC_WARN_ABOUT_RETURN_TYPE = YES_ERROR;
				GCC_WARN_UNDECLARED_SELECTOR = YES;
				GCC_WARN_UNINITIALIZED_AUTOS = YES_AGGRESSIVE;
				GCC_WARN_UNUSED_FUNCTION = YES;
				GCC_WARN_UNUSED_VARIABLE = YES;
				IPHONEOS_DEPLOYMENT_TARGET = 11.0;
				MTL_ENABLE_DEBUG_INFO = NO;
				SDKROOT = iphoneos;
				SWIFT_OPTIMIZATION_LEVEL = "-Owholemodule";
				SWIFT_VERSION = 4.0;
				VALIDATE_PRODUCT = YES;
			};
			name = Release;
		};
		607FACF01AFB9204008FA782 /* Debug */ = {
			isa = XCBuildConfiguration;
			baseConfigurationReference = BFCBD185E486F82A64F6E3E8 /* Pods-Hyperspace_Example.debug.xcconfig */;
			buildSettings = {
				ASSETCATALOG_COMPILER_APPICON_NAME = AppIcon;
				INFOPLIST_FILE = Hyperspace/Info.plist;
				LD_RUNPATH_SEARCH_PATHS = "$(inherited) @executable_path/Frameworks";
				MODULE_NAME = ExampleApp;
				PRODUCT_BUNDLE_IDENTIFIER = "org.cocoapods.demo.$(PRODUCT_NAME:rfc1034identifier)";
				PRODUCT_NAME = "$(TARGET_NAME)";
			};
			name = Debug;
		};
		607FACF11AFB9204008FA782 /* Release */ = {
			isa = XCBuildConfiguration;
			baseConfigurationReference = 025F70E8BAF52CD9FA0FAB64 /* Pods-Hyperspace_Example.release.xcconfig */;
			buildSettings = {
				ASSETCATALOG_COMPILER_APPICON_NAME = AppIcon;
				INFOPLIST_FILE = Hyperspace/Info.plist;
				LD_RUNPATH_SEARCH_PATHS = "$(inherited) @executable_path/Frameworks";
				MODULE_NAME = ExampleApp;
				PRODUCT_BUNDLE_IDENTIFIER = "org.cocoapods.demo.$(PRODUCT_NAME:rfc1034identifier)";
				PRODUCT_NAME = "$(TARGET_NAME)";
			};
			name = Release;
		};
		607FACF31AFB9204008FA782 /* Debug */ = {
			isa = XCBuildConfiguration;
			baseConfigurationReference = 52F3F7B05F163983319CC867 /* Pods-Hyperspace_Tests.debug.xcconfig */;
			buildSettings = {
				GCC_PREPROCESSOR_DEFINITIONS = (
					"DEBUG=1",
					"$(inherited)",
				);
				INFOPLIST_FILE = Tests/Info.plist;
				LD_RUNPATH_SEARCH_PATHS = "$(inherited) @executable_path/Frameworks @loader_path/Frameworks $(FRAMEWORK_SEARCH_PATHS)";
				PRODUCT_BUNDLE_IDENTIFIER = "org.cocoapods.$(PRODUCT_NAME:rfc1034identifier)";
				PRODUCT_NAME = "$(TARGET_NAME)";
			};
			name = Debug;
		};
		607FACF41AFB9204008FA782 /* Release */ = {
			isa = XCBuildConfiguration;
			baseConfigurationReference = AF8FF7290CBE31E4F593FF86 /* Pods-Hyperspace_Tests.release.xcconfig */;
			buildSettings = {
				INFOPLIST_FILE = Tests/Info.plist;
				LD_RUNPATH_SEARCH_PATHS = "$(inherited) @executable_path/Frameworks @loader_path/Frameworks $(FRAMEWORK_SEARCH_PATHS)";
				PRODUCT_BUNDLE_IDENTIFIER = "org.cocoapods.$(PRODUCT_NAME:rfc1034identifier)";
				PRODUCT_NAME = "$(TARGET_NAME)";
			};
			name = Release;
		};
/* End XCBuildConfiguration section */

/* Begin XCConfigurationList section */
		129916661FD740280097D618 /* Build configuration list for PBXNativeTarget "Hyperspace_Example_watchOS Extension" */ = {
			isa = XCConfigurationList;
			buildConfigurations = (
				129916641FD740280097D618 /* Debug */,
				129916651FD740280097D618 /* Release */,
			);
			defaultConfigurationIsVisible = 0;
			defaultConfigurationName = Release;
		};
		129916681FD740280097D618 /* Build configuration list for PBXNativeTarget "Hyperspace_Example_watchOS" */ = {
			isa = XCConfigurationList;
			buildConfigurations = (
				129916621FD740280097D618 /* Debug */,
				129916631FD740280097D618 /* Release */,
			);
			defaultConfigurationIsVisible = 0;
			defaultConfigurationName = Release;
		};
		129916811FD7492D0097D618 /* Build configuration list for PBXNativeTarget "Hyperspace_Example_tvOS" */ = {
			isa = XCConfigurationList;
			buildConfigurations = (
				129916821FD7492D0097D618 /* Debug */,
				129916831FD7492D0097D618 /* Release */,
			);
			defaultConfigurationIsVisible = 0;
			defaultConfigurationName = Release;
		};
		607FACCB1AFB9204008FA782 /* Build configuration list for PBXProject "Hyperspace" */ = {
			isa = XCConfigurationList;
			buildConfigurations = (
				607FACED1AFB9204008FA782 /* Debug */,
				607FACEE1AFB9204008FA782 /* Release */,
			);
			defaultConfigurationIsVisible = 0;
			defaultConfigurationName = Release;
		};
		607FACEF1AFB9204008FA782 /* Build configuration list for PBXNativeTarget "Hyperspace_Example" */ = {
			isa = XCConfigurationList;
			buildConfigurations = (
				607FACF01AFB9204008FA782 /* Debug */,
				607FACF11AFB9204008FA782 /* Release */,
			);
			defaultConfigurationIsVisible = 0;
			defaultConfigurationName = Release;
		};
		607FACF21AFB9204008FA782 /* Build configuration list for PBXNativeTarget "Hyperspace_Tests" */ = {
			isa = XCConfigurationList;
			buildConfigurations = (
				607FACF31AFB9204008FA782 /* Debug */,
				607FACF41AFB9204008FA782 /* Release */,
			);
			defaultConfigurationIsVisible = 0;
			defaultConfigurationName = Release;
		};
/* End XCConfigurationList section */
	};
	rootObject = 607FACC81AFB9204008FA782 /* Project object */;
}
